// !$*UTF8*$!
{
	archiveVersion = 1;
	classes = {
	};
	objectVersion = 77;
	objects = {

/* Begin PBXBuildFile section */
		0071D77F99FBE7536B2A122E /* ColdSigningView.swift in Sources */ = {isa = PBXBuildFile; fileRef = 409A638953BCE50F889E264D /* ColdSigningView.swift */; };
		00DD6941B8D2D335E457EA30 /* PriceService.swift in Sources */ = {isa = PBXBuildFile; fileRef = AE9C9AA24E5D352EF0382FDB /* PriceService.swift */; };
		028A13F10A6E097C2E34B82E /* LanguageSettingsView.swift in Sources */ = {isa = PBXBuildFile; fileRef = 86771C5B3BABB9FD8354FCC5 /* LanguageSettingsView.swift */; };
		06556B994EE86463923812D0 /* TransportProtocol.swift in Sources */ = {isa = PBXBuildFile; fileRef = 3935002B5AD730445E22C6BD /* TransportProtocol.swift */; };
		08CC5D1741B466360A4A2DF3 /* PendingBroadcastQueueTests.swift in Sources */ = {isa = PBXBuildFile; fileRef = C5777E46F80335B4C7DE9E2E /* PendingBroadcastQueueTests.swift */; };
		0E15ADD6494B3153BDE72E33 /* L10n.swift in Sources */ = {isa = PBXBuildFile; fileRef = 044287395A456FA0A19534CD /* L10n.swift */; };
		0F938C5911BEDC1E7C3390EB /* PortfolioMetricsTests.swift in Sources */ = {isa = PBXBuildFile; fileRef = 8622DE820B92BAE12389D7BC /* PortfolioMetricsTests.swift */; };
		10631E68BC1CCBD1C1AB1E76 /* Haptics.swift in Sources */ = {isa = PBXBuildFile; fileRef = 1772350E2E8C633DF7D23EAE /* Haptics.swift */; };
		13C0AC2717BE738448E6F970 /* NodeErrorMapper.swift in Sources */ = {isa = PBXBuildFile; fileRef = F99D9A6FA92C39574299C592 /* NodeErrorMapper.swift */; };
		1570F7B396E189396D124E40 /* RefreshPeerBindingTests.swift in Sources */ = {isa = PBXBuildFile; fileRef = 009B2C4850952397C883ED7F /* RefreshPeerBindingTests.swift */; };
		15A5B160337F5ACA4625D4C0 /* WiFiLANTransport.swift in Sources */ = {isa = PBXBuildFile; fileRef = B557F92FAAF7C0F38B2CC6C6 /* WiFiLANTransport.swift */; };
		1929C70C2E419C8D2D7A499C /* ShardsListView.swift in Sources */ = {isa = PBXBuildFile; fileRef = F01AE22958DB93BC491B9519 /* ShardsListView.swift */; };
		1A286F0E6C2F3FD1B7669F57 /* HorcruxBridge.swift in Sources */ = {isa = PBXBuildFile; fileRef = 85CA60ED6C18A20962BDD93C /* HorcruxBridge.swift */; };
		1BADDBB95DE4B8BC864D9FDC /* ChainEndpointDetailView.swift in Sources */ = {isa = PBXBuildFile; fileRef = C45263885A64041FCD023E9D /* ChainEndpointDetailView.swift */; };
		1C65F9B0BC2BEE47CAD05017 /* SecureEnclaveManager.swift in Sources */ = {isa = PBXBuildFile; fileRef = 60602609EBFD9982939E260C /* SecureEnclaveManager.swift */; };
		1FF4562440BA4836269A35B4 /* HorcruxTheme.swift in Sources */ = {isa = PBXBuildFile; fileRef = 03BCB86ADC990211CDD81BEF /* HorcruxTheme.swift */; };
		21D17F35C9811DFF172642B8 /* InfoHint.swift in Sources */ = {isa = PBXBuildFile; fileRef = 78B55C6F5BC31FCC6755DC9F /* InfoHint.swift */; };
		2373BE1D4609B6FE583E9044 /* PrimePoolManager.swift in Sources */ = {isa = PBXBuildFile; fileRef = 76662EAB34A3B4B438BC0AB1 /* PrimePoolManager.swift */; };
		2482523E5D2C54B27D4D7C23 /* ColdSigningCoordinatorV2.swift in Sources */ = {isa = PBXBuildFile; fileRef = 6A13DA00F146F4337A259CB9 /* ColdSigningCoordinatorV2.swift */; };
		251E9FC806BDFA46298ACAE8 /* TransactionStore.swift in Sources */ = {isa = PBXBuildFile; fileRef = F90B2E00ADD4EFE856353A61 /* TransactionStore.swift */; };
		272EF60E67B5AF4EA28D33EC /* PinHashTests.swift in Sources */ = {isa = PBXBuildFile; fileRef = EBE439C22E1CABB66A71A4AF /* PinHashTests.swift */; };
		27ABF8D1668FCF1FDB9C8F91 /* TokenModelsTests.swift in Sources */ = {isa = PBXBuildFile; fileRef = DD030979CCAA127E220D7660 /* TokenModelsTests.swift */; };
		2A0E7EB1A7E9AD6E8BC1EA20 /* DkgEstimate.swift in Sources */ = {isa = PBXBuildFile; fileRef = 02982BCC1C69D63971302724 /* DkgEstimate.swift */; };
		2A8F87FAFC1B268D5D8DB417 /* BlockchainService.swift in Sources */ = {isa = PBXBuildFile; fileRef = 8A7A080640527E951C3DFB84 /* BlockchainService.swift */; };
		2BF2FCA673100659BDAD75D0 /* RelayConfig.swift in Sources */ = {isa = PBXBuildFile; fileRef = DD9E26CC00E6FEDD1A1F95E8 /* RelayConfig.swift */; };
		2CE145D5BF7B08E331A1C386 /* NodeProviderTests.swift in Sources */ = {isa = PBXBuildFile; fileRef = 83448F8610DEDFCBE45618C7 /* NodeProviderTests.swift */; };
		31F7AA8D7864624009E83AB9 /* AccountStore.swift in Sources */ = {isa = PBXBuildFile; fileRef = AA75292634745BB38B72881E /* AccountStore.swift */; };
		358CA5D8F1B3F29B200DD29B /* RefreshTracker.swift in Sources */ = {isa = PBXBuildFile; fileRef = FD6B54BEC97DB28C77D606D2 /* RefreshTracker.swift */; };
		35C8A96CF69D926E6C97D5E1 /* PendingBroadcastQueue.swift in Sources */ = {isa = PBXBuildFile; fileRef = 8FFF986C29A1F3165AFA16CD /* PendingBroadcastQueue.swift */; };
		3771D1A4A43B80A1C6E03922 /* ChainEndpointList.swift in Sources */ = {isa = PBXBuildFile; fileRef = 33A2590D4F97BE81D976BC57 /* ChainEndpointList.swift */; };
		39B4F1C6D79643D7C392D480 /* NodeProviderSection.swift in Sources */ = {isa = PBXBuildFile; fileRef = 6D5915316EEE567F86FD8ED5 /* NodeProviderSection.swift */; };
		3A2C65309D796E0746FCA9C9 /* RefreshShardCoordinator.swift in Sources */ = {isa = PBXBuildFile; fileRef = E28FFAFF9BE0949A94CC104D /* RefreshShardCoordinator.swift */; };
		3FB4D6BC29E078FDD296EC80 /* ShardHealthView.swift in Sources */ = {isa = PBXBuildFile; fileRef = 576275CC33EBC4584CF819DB /* ShardHealthView.swift */; };
		40B98DB408AB47D22B58F1B8 /* BitcoinFailoverTests.swift in Sources */ = {isa = PBXBuildFile; fileRef = 249957543A7E7602C072F6E6 /* BitcoinFailoverTests.swift */; };
		40C8F060E6D92099AABBE676 /* SecureClipboard.swift in Sources */ = {isa = PBXBuildFile; fileRef = F14FEC5E558EE767A4A6A091 /* SecureClipboard.swift */; };
		40EE00FC37AC4A9BD0D5B5F1 /* BtcSigner.swift in Sources */ = {isa = PBXBuildFile; fileRef = B2D81D2873A804DCFE6F7442 /* BtcSigner.swift */; };
		412776403F6D4CB19CF35E3F /* AuditExportTests.swift in Sources */ = {isa = PBXBuildFile; fileRef = 4D6DF2DF65312D23533540F7 /* AuditExportTests.swift */; };
		413FFA707333203A9879D9D9 /* QRTransport.swift in Sources */ = {isa = PBXBuildFile; fileRef = 7A849C84C85BCB4D83640A5B /* QRTransport.swift */; };
		42EB2E003EEBA8C2BC66D843 /* Localizable.strings in Resources */ = {isa = PBXBuildFile; fileRef = 4ADE5780233CC702F9DEFC2D /* Localizable.strings */; };
		43524B363D75B75968C36433 /* NodeSettingsMigrationTests.swift in Sources */ = {isa = PBXBuildFile; fileRef = AB86BD0CD39FE862C621AD23 /* NodeSettingsMigrationTests.swift */; };
		4464CA3F4629F5A2DA4272C7 /* HorcruxApp.swift in Sources */ = {isa = PBXBuildFile; fileRef = F8D5302000BBC22EADA2A1F6 /* HorcruxApp.swift */; };
		4473C32496DD313F260D2116 /* horcrux_core.swift in Sources */ = {isa = PBXBuildFile; fileRef = 1AF9DEBF9BECD65C63B64B81 /* horcrux_core.swift */; };
		45DA893F35C68A553D0E1CA0 /* DKGTestView.swift in Sources */ = {isa = PBXBuildFile; fileRef = 9BC6D798ADA312303C951B6D /* DKGTestView.swift */; };
		473C3A01DB144DAB80D59C3A /* EndpointSource.swift in Sources */ = {isa = PBXBuildFile; fileRef = D9265C09B5C350000F474B15 /* EndpointSource.swift */; };
		4B7B6F204D8AFDEB4EACE5EB /* ShardsViewModel.swift in Sources */ = {isa = PBXBuildFile; fileRef = 18E722F82F4851FF4C37CDA4 /* ShardsViewModel.swift */; };
		4C4F745DC9B848647BC3F360 /* JoinSigningView.swift in Sources */ = {isa = PBXBuildFile; fileRef = 5918A98EB3F7837001C759F5 /* JoinSigningView.swift */; };
		4D5DD751835A8DA3C47BAE55 /* PortableBackupCrypto.swift in Sources */ = {isa = PBXBuildFile; fileRef = 6FFA4225B41BFAAD41678A18 /* PortableBackupCrypto.swift */; };
		514981C1384F66B055401254 /* ModelTests.swift in Sources */ = {isa = PBXBuildFile; fileRef = B9E84BAFAE73EC309601D40C /* ModelTests.swift */; };
		52FD2C971898C344961F87A6 /* CertificatePinner.swift in Sources */ = {isa = PBXBuildFile; fileRef = 36BF7F56D454A6F78D4A2F37 /* CertificatePinner.swift */; };
		53D560F99A99F6C95EBBBEBD /* TransactionConfirmationPoller.swift in Sources */ = {isa = PBXBuildFile; fileRef = 897E7A3966EE1DF4B0046DEC /* TransactionConfirmationPoller.swift */; };
		55EF0728B367DE18E2844913 /* CopyFeedback.swift in Sources */ = {isa = PBXBuildFile; fileRef = 1E88421735CBBD6536F73D1A /* CopyFeedback.swift */; };
		563DA275111031BB4FCE5CF4 /* NetworkConfigTests.swift in Sources */ = {isa = PBXBuildFile; fileRef = 678F55EA0F92269FF77CA18E /* NetworkConfigTests.swift */; };
		567E1DBE06932F612270F002 /* MessagePaddingTests.swift in Sources */ = {isa = PBXBuildFile; fileRef = A418982CCA628D972E97D905 /* MessagePaddingTests.swift */; };
		5A0FE1F122DD50F0C3D7D2ED /* AntiDebug.swift in Sources */ = {isa = PBXBuildFile; fileRef = 49290534F8CBC9A619F040F0 /* AntiDebug.swift */; };
		5B7CE02B98E896822B156CA0 /* SecureKeyVault.swift in Sources */ = {isa = PBXBuildFile; fileRef = E34CE834584D33E59E57F62B /* SecureKeyVault.swift */; };
		5BC458CA15D9972155012F63 /* DeepLinkRouterTests.swift in Sources */ = {isa = PBXBuildFile; fileRef = 0996A676D3CD4B28950E3F90 /* DeepLinkRouterTests.swift */; };
		5F748A733435459EB3C345DB /* SecurityDetailView.swift in Sources */ = {isa = PBXBuildFile; fileRef = 7EA36985E457A9DB8EE3B332 /* SecurityDetailView.swift */; };
		6004725264CD51E42182540D /* AddressFormatterTests.swift in Sources */ = {isa = PBXBuildFile; fileRef = 937C4AF2341FA2B8BD1A9B6C /* AddressFormatterTests.swift */; };
		601013F61A3536289EEDE6BE /* MessagePadding.swift in Sources */ = {isa = PBXBuildFile; fileRef = 0A31043E56FEF3233E692391 /* MessagePadding.swift */; };
		62CB42B53B196669DF6313A7 /* WalletStoreTests.swift in Sources */ = {isa = PBXBuildFile; fileRef = 3B45D5364AB9F1360EFA4E5C /* WalletStoreTests.swift */; };
		66A9731C91A701400FC53549 /* VaultEditSheet.swift in Sources */ = {isa = PBXBuildFile; fileRef = 60FEA7C771F39F2C20D8EAC2 /* VaultEditSheet.swift */; };
		68FDA36C87045EEE56A523D4 /* NodeSettingsV2RegressionTests.swift in Sources */ = {isa = PBXBuildFile; fileRef = C75BB0B8F020796CEA28D12A /* NodeSettingsV2RegressionTests.swift */; };
		6BD5C3447B5624A11E14BB5B /* AuditExport.swift in Sources */ = {isa = PBXBuildFile; fileRef = 5AAA4CE2B20BD8B486004E08 /* AuditExport.swift */; };
		6C4DADBAE905FE8B19A3BD46 /* DkgPeerBindingTests.swift in Sources */ = {isa = PBXBuildFile; fileRef = 8BB50EE7E823225B340C4C0C /* DkgPeerBindingTests.swift */; };
		6C90E3C978702CEEFC4DF8FE /* AddressBookView.swift in Sources */ = {isa = PBXBuildFile; fileRef = D307B5C167392C9CA551EE9E /* AddressBookView.swift */; };
		6D3E2C56F288DEDE72085FE9 /* ApprovalsView.swift in Sources */ = {isa = PBXBuildFile; fileRef = EC37A890669AF1C1B40C4352 /* ApprovalsView.swift */; };
		6D4C7740FFB5BD6C29F039FC /* Bech32.swift in Sources */ = {isa = PBXBuildFile; fileRef = 262F8D757D7E32834A03160B /* Bech32.swift */; };
		6E853EA94530E496B2DF1887 /* ReceiveView.swift in Sources */ = {isa = PBXBuildFile; fileRef = 52D0283165D5E6EF6F1EAEA9 /* ReceiveView.swift */; };
		704B7197A71DAE00F8EAB79C /* RecentCoSignersStoreTests.swift in Sources */ = {isa = PBXBuildFile; fileRef = FCDDD69488277606AB6B8BEC /* RecentCoSignersStoreTests.swift */; };
		725A35194DDFA392DA566445 /* BLETransport.swift in Sources */ = {isa = PBXBuildFile; fileRef = 3175D60C78853AD441A91030 /* BLETransport.swift */; };
		7302CBA18BFEE7F2CE28CCFA /* PortfolioMetrics.swift in Sources */ = {isa = PBXBuildFile; fileRef = E747831814969072B21C949B /* PortfolioMetrics.swift */; };
		73DCF4DE4120D95F8C6376D7 /* NetworkConfig.swift in Sources */ = {isa = PBXBuildFile; fileRef = 8F2B46934353AFDC064CECD9 /* NetworkConfig.swift */; };
		74C5D59EF02E3610053E318E /* SecurityHealthCard.swift in Sources */ = {isa = PBXBuildFile; fileRef = 405A013BA7EFAD11E4F8F4DA /* SecurityHealthCard.swift */; };
		7796AADB086F4ADF8D3A1DAE /* KeychainManager.swift in Sources */ = {isa = PBXBuildFile; fileRef = E40F5C82E2B2A23A01ACEDF5 /* KeychainManager.swift */; };
		792D01EFC687A2F2CDE2248F /* DeviceIdentity.swift in Sources */ = {isa = PBXBuildFile; fileRef = 9CACEAE7FCDAA0BBD548F673 /* DeviceIdentity.swift */; };
		7B8B2CA50AA9094D5833102F /* ChainEndpointOverrides.swift in Sources */ = {isa = PBXBuildFile; fileRef = 3B80076D224C8EF78FD4DC23 /* ChainEndpointOverrides.swift */; };
		7C44D37A130193DFEF2393D7 /* SigningViewModelTests.swift in Sources */ = {isa = PBXBuildFile; fileRef = E7480F0578841135C2CBB740 /* SigningViewModelTests.swift */; };
		83D25BF65526FEE56A62181C /* ENSResolver.swift in Sources */ = {isa = PBXBuildFile; fileRef = 9B83751DC183569D78645E15 /* ENSResolver.swift */; };
		843756AA6FF24EF3B8B05FEB /* AuditExportView.swift in Sources */ = {isa = PBXBuildFile; fileRef = 693AF0EBA3950107FFA1F5EE /* AuditExportView.swift */; };
		84D95BDDAF6E254C4D577C31 /* AddressValidatorTests.swift in Sources */ = {isa = PBXBuildFile; fileRef = 8316163DB1BF3FFBF6245C17 /* AddressValidatorTests.swift */; };
		88380DABC0637076A7B84583 /* SigningView.swift in Sources */ = {isa = PBXBuildFile; fileRef = 49A262F731DB964A68E24B04 /* SigningView.swift */; };
		88912049DA2191C3B7F5A172 /* ProviderCoverageSummary.swift in Sources */ = {isa = PBXBuildFile; fileRef = 348DBC6D87E304C4653BD1A0 /* ProviderCoverageSummary.swift */; };
		8950AE1AFA21E9582C720EED /* WiFiDirectPeerNameTests.swift in Sources */ = {isa = PBXBuildFile; fileRef = 74B77DFC7DCDDCA21A69B986 /* WiFiDirectPeerNameTests.swift */; };
		89F8EDBDD2C513909099CF0D /* CreateShardViewModelTests.swift in Sources */ = {isa = PBXBuildFile; fileRef = 69A9C998E7A806927B3E2D34 /* CreateShardViewModelTests.swift */; };
		8B0BAADE9F87B21FC65B8E04 /* SecureClipboardTests.swift in Sources */ = {isa = PBXBuildFile; fileRef = B66CCA676948C54B9CDFAC20 /* SecureClipboardTests.swift */; };
		8B6DABC2BA6DA13BE06406AA /* CeremonyStateManager.swift in Sources */ = {isa = PBXBuildFile; fileRef = 15830F30B8339C7263832772 /* CeremonyStateManager.swift */; };
		8C87D47336B4233ED32A44BB /* TransactionHistoryView.swift in Sources */ = {isa = PBXBuildFile; fileRef = 0A32865736E5E754BD205BA2 /* TransactionHistoryView.swift */; };
		90328AA2F2C14EE460FC9866 /* NotificationManager.swift in Sources */ = {isa = PBXBuildFile; fileRef = 86FE78C208523754FA44A557 /* NotificationManager.swift */; };
		9327D6514E1E6B6A5978A738 /* BiometricAuth.swift in Sources */ = {isa = PBXBuildFile; fileRef = 94A99C1E7A26CD9EDDD95F25 /* BiometricAuth.swift */; };
		937518DEA378A54E124ED3A8 /* WalletAvatarStore.swift in Sources */ = {isa = PBXBuildFile; fileRef = 4CB5FCCE3D5CA1AFAF3CC572 /* WalletAvatarStore.swift */; };
		96D2462CDCD7A72BBDC80283 /* ColdSigningViewV2.swift in Sources */ = {isa = PBXBuildFile; fileRef = 44CC7FC6007AA9598B0D3F86 /* ColdSigningViewV2.swift */; };
		986879DE15E0C587D7B0525A /* HorcruxAppIntents.swift in Sources */ = {isa = PBXBuildFile; fileRef = 9E7BB4D79AEFC130723E9626 /* HorcruxAppIntents.swift */; };
		988A2125ECE7D174623434E2 /* TransactionStoreTests.swift in Sources */ = {isa = PBXBuildFile; fileRef = 0D8CC76DA3FFA51F1581D7CA /* TransactionStoreTests.swift */; };
		9B55F9D0213BA668683411F5 /* CustomTokenStore.swift in Sources */ = {isa = PBXBuildFile; fileRef = B796C8B8FE702D114557534D /* CustomTokenStore.swift */; };
		9D137E263DF00E54DD0386C8 /* AccountBackupMigrationTests.swift in Sources */ = {isa = PBXBuildFile; fileRef = 0C5FFA18D2FBF177AEAD8BC2 /* AccountBackupMigrationTests.swift */; };
		9E2D32680EC22207F40539A1 /* RelayConfigTests.swift in Sources */ = {isa = PBXBuildFile; fileRef = 2C2DFEADD4C7F811A28CE435 /* RelayConfigTests.swift */; };
		9E772E2F699110E111DF02FD /* RecoveryKeyManager.swift in Sources */ = {isa = PBXBuildFile; fileRef = AA86EE21AC4AFEDCF529C518 /* RecoveryKeyManager.swift */; };
		9E8647FFD4DDA1C050E77ADE /* SecureEnclaveManagerTests.swift in Sources */ = {isa = PBXBuildFile; fileRef = 2B1F155AE9F080060144E472 /* SecureEnclaveManagerTests.swift */; };
		9FA5DAB74CA6BBF52A714168 /* CeremonyStateManagerTests.swift in Sources */ = {isa = PBXBuildFile; fileRef = 155DE82F894BE96B63645AED /* CeremonyStateManagerTests.swift */; };
		9FD396BD99067962514D5C0B /* RecentCoSignersStore.swift in Sources */ = {isa = PBXBuildFile; fileRef = BA64A6444AFEACE5BEAF5C37 /* RecentCoSignersStore.swift */; };
		A1A8B7219650EA8D76C62127 /* Assets.xcassets in Resources */ = {isa = PBXBuildFile; fileRef = 12C11D20C4929E2BE2553316 /* Assets.xcassets */; };
		A456FDA7DBAE247DC816E072 /* WalletAvatarView.swift in Sources */ = {isa = PBXBuildFile; fileRef = 98062316CA738168EF54F467 /* WalletAvatarView.swift */; };
		A4A201AC92EB06E94030380A /* BlockchainServiceTests.swift in Sources */ = {isa = PBXBuildFile; fileRef = A5DC97913C4CE8685D3D981E /* BlockchainServiceTests.swift */; };
		AC051838DAA0623239DA3532 /* EndpointSourceTests.swift in Sources */ = {isa = PBXBuildFile; fileRef = 2C649DA6FE4894AAB6C94D4E /* EndpointSourceTests.swift */; };
		AD348005CA4C2DFFACF04FA8 /* SecureLog.swift in Sources */ = {isa = PBXBuildFile; fileRef = 0E78608F2CD0ED1CADF94547 /* SecureLog.swift */; };
		AE38F5EE8CB8B850EA1CBBDD /* AddressBook.swift in Sources */ = {isa = PBXBuildFile; fileRef = 2F16FEAB7A7D83404E721639 /* AddressBook.swift */; };
		AF36FB7F85B0E8E9F35D2AA1 /* SecureKeyVaultTests.swift in Sources */ = {isa = PBXBuildFile; fileRef = F00104BD55BFFC248C99EE8E /* SecureKeyVaultTests.swift */; };
		B09B759BCA36CB1D85881A8B /* TransactionHistorySyncer.swift in Sources */ = {isa = PBXBuildFile; fileRef = 982A6DAFE2C3A7D0597486B8 /* TransactionHistorySyncer.swift */; };
		B0EC72ECD24C2209F5A88423 /* WiFiDirectTransport.swift in Sources */ = {isa = PBXBuildFile; fileRef = 422C50490783824C211D1A4E /* WiFiDirectTransport.swift */; };
		B112A84A551C22C784F9E235 /* RPCRoutingTests.swift in Sources */ = {isa = PBXBuildFile; fileRef = 59656A475A44B175A3E01899 /* RPCRoutingTests.swift */; };
		B4374A6122DD8F1F31AAE802 /* ContentView.swift in Sources */ = {isa = PBXBuildFile; fileRef = BE6DF0A887F8A0C59358C3CA /* ContentView.swift */; };
		B5ED87CEBDAAB853F5DF9012 /* QRScannerView.swift in Sources */ = {isa = PBXBuildFile; fileRef = F44672820EB366ADC39D77A8 /* QRScannerView.swift */; };
		B64671FCC62F1C814889024A /* AppState.swift in Sources */ = {isa = PBXBuildFile; fileRef = 559B2D1CE5F41320F4A9A870 /* AppState.swift */; };
		B683B8FBCDCCE7B24B0B9664 /* DecodedCallView.swift in Sources */ = {isa = PBXBuildFile; fileRef = 1E3F716A4D34C9A617D81B3E /* DecodedCallView.swift */; };
		BC583E60BB3FBF3E0D7E8580 /* ProviderCoverageSummaryTests.swift in Sources */ = {isa = PBXBuildFile; fileRef = E1427E0D4CE4032F2665694B /* ProviderCoverageSummaryTests.swift */; };
		BE1A1D1E7A5DB0C9442778D4 /* NodeProvider.swift in Sources */ = {isa = PBXBuildFile; fileRef = A35A0E4E7C941099FD60D063 /* NodeProvider.swift */; };
		C155C37C38CDD7B6F4AB0AFE /* SecurityEnvironmentTests.swift in Sources */ = {isa = PBXBuildFile; fileRef = 76F29DB893748A79B8E50F7E /* SecurityEnvironmentTests.swift */; };
		C287BF7467A63911B2E5BE65 /* NodeSettingsMigration.swift in Sources */ = {isa = PBXBuildFile; fileRef = 73AA08C05D62817355866721 /* NodeSettingsMigration.swift */; };
		C3F663E12F4D2CC213624F7F /* ColdSigningCoordinator.swift in Sources */ = {isa = PBXBuildFile; fileRef = D7473CDCC445DA4468C1E10B /* ColdSigningCoordinator.swift */; };
		C6E93F671BDFB6D021F2C951 /* CreateShardViewModel.swift in Sources */ = {isa = PBXBuildFile; fileRef = 3FF408B4D713C13918899FEE /* CreateShardViewModel.swift */; };
		C718A6F3E0150DD6F3E688D4 /* RefreshShardSheet.swift in Sources */ = {isa = PBXBuildFile; fileRef = EB9476C366E0DC0DE88A9E3D /* RefreshShardSheet.swift */; };
		C7193E4A04CA16FE66E2457B /* CertificatePinnerTests.swift in Sources */ = {isa = PBXBuildFile; fileRef = A6B362D566641A53BD4DD16E /* CertificatePinnerTests.swift */; };
		CA245FE09F46BCC6310F353B /* AddressValidator.swift in Sources */ = {isa = PBXBuildFile; fileRef = 084900333F9C6D693A73EDD3 /* AddressValidator.swift */; };
		CAA62095ADB8219F055DB007 /* PeerManager.swift in Sources */ = {isa = PBXBuildFile; fileRef = 6B60143CF0CBC4C79AB085D6 /* PeerManager.swift */; };
		CB09833C2794F5EE2C99DBA6 /* BalanceCache.swift in Sources */ = {isa = PBXBuildFile; fileRef = E2099762FB1979A4D8A64EA4 /* BalanceCache.swift */; };
		CB59CE6C90D457018B221099 /* SettingsView.swift in Sources */ = {isa = PBXBuildFile; fileRef = 46F96EED87A21ED0BBE9B1B0 /* SettingsView.swift */; };
		CB75E77B71D65C6B941A5DCD /* PendingNonceTracker.swift in Sources */ = {isa = PBXBuildFile; fileRef = 7D014454477EA3881187A1E7 /* PendingNonceTracker.swift */; };
		D3714D4048FC6C9077EF656A /* SignRequestDTO.swift in Sources */ = {isa = PBXBuildFile; fileRef = E434A9E52D5F6026A576A1FD /* SignRequestDTO.swift */; };
		D4E3C555F9B2C377BA01735A /* RelayTransport.swift in Sources */ = {isa = PBXBuildFile; fileRef = CE490D34FEE7816E42DB8691 /* RelayTransport.swift */; };
		D6BDD991137149EBE6D56A38 /* PrivacyInfo.xcprivacy in Resources */ = {isa = PBXBuildFile; fileRef = 88C0BDC2A3F7036E342C71E9 /* PrivacyInfo.xcprivacy */; };
		D83EFE7D2591C8EFBF6FB2C3 /* VaultBadge.swift in Sources */ = {isa = PBXBuildFile; fileRef = 4C4949918E6EAB7072915827 /* VaultBadge.swift */; };
		D913766D5DEC110A360A875E /* TronAddress.swift in Sources */ = {isa = PBXBuildFile; fileRef = 4621CE39F61CBCFDBD3DCD1B /* TronAddress.swift */; };
		DA2E185667C1D9A16BC6EDAE /* AddressFormatter.swift in Sources */ = {isa = PBXBuildFile; fileRef = 73A13E2D2F330EDCDE8CE81D /* AddressFormatter.swift */; };
		DA6D954524EE34B80C3B5DD5 /* DeepLinkRouter.swift in Sources */ = {isa = PBXBuildFile; fileRef = A1C880DEC4705948DAECFB5F /* DeepLinkRouter.swift */; };
		DA757C7520DD4E2DB0F26A40 /* ApprovalRequest.swift in Sources */ = {isa = PBXBuildFile; fileRef = 5A4BDFACE7DEA79E19B70432 /* ApprovalRequest.swift */; };
		DB6B04E3DB8E15D4FC56228F /* WalletHomeView.swift in Sources */ = {isa = PBXBuildFile; fileRef = CB858890AFC1B2641328353D /* WalletHomeView.swift */; };
		DDDC26D3FAE1582F890926BD /* TokenModels.swift in Sources */ = {isa = PBXBuildFile; fileRef = 7835CD49959AD17C7590793F /* TokenModels.swift */; };
		E027D29039D918F64A755AC1 /* Components.swift in Sources */ = {isa = PBXBuildFile; fileRef = D886FBBE2DF6B3AA6FA5A29C /* Components.swift */; };
		E5641825CBA2C537A4AAEF48 /* EvmSigner.swift in Sources */ = {isa = PBXBuildFile; fileRef = 8B964B1A7D6C7E01C2AE7431 /* EvmSigner.swift */; };
		E688A0E1074C756CF5309D68 /* ApprovalRequestStore.swift in Sources */ = {isa = PBXBuildFile; fileRef = 2375926B0A209B326B8F8B38 /* ApprovalRequestStore.swift */; };
		E85D8AFAAED7835EB9BA6C5F /* SigningViewModel.swift in Sources */ = {isa = PBXBuildFile; fileRef = 4B97A4C60C8B4D040DBB1906 /* SigningViewModel.swift */; };
		F01DB99B7DF097E73B9165FF /* VaultDisplay.swift in Sources */ = {isa = PBXBuildFile; fileRef = 71315F3A061FB358898A2C96 /* VaultDisplay.swift */; };
		F4336F50BF0E80139FAC1BC0 /* WalletStore.swift in Sources */ = {isa = PBXBuildFile; fileRef = CAFF03A08D23796EC5BF3119 /* WalletStore.swift */; };
		F63B208B16FFDB8F96621F31 /* NodeErrorMapperTests.swift in Sources */ = {isa = PBXBuildFile; fileRef = 09FDAD0B647208C08CA5D02C /* NodeErrorMapperTests.swift */; };
		F67AC91D21B093E3756B84D0 /* SigningPeerBindingTests.swift in Sources */ = {isa = PBXBuildFile; fileRef = CCEDE02F9A5A9EC8B2DA40B3 /* SigningPeerBindingTests.swift */; };
		F7DB9C6274A68D42502A94A7 /* CurrencyFormatter.swift in Sources */ = {isa = PBXBuildFile; fileRef = 9240EE29F08AE512DCD7BFD9 /* CurrencyFormatter.swift */; };
		F82AFE8D9DE3FB4AE3A01C53 /* RoomCode.swift in Sources */ = {isa = PBXBuildFile; fileRef = 78945C8D2E02C473BE7380A6 /* RoomCode.swift */; };
		F8AFD0BB432E20681624EAB8 /* EndpointResolutionTests.swift in Sources */ = {isa = PBXBuildFile; fileRef = 0C0C6BE3464B8B466F380C37 /* EndpointResolutionTests.swift */; };
		FB1C258295F02371B59E294D /* DecimalMathTests.swift in Sources */ = {isa = PBXBuildFile; fileRef = FE9BA63A9EC540A7F513185B /* DecimalMathTests.swift */; };
		FB1E410B281E9AB9B87E49ED /* CustomTokensView.swift in Sources */ = {isa = PBXBuildFile; fileRef = 5521EC6BCED84EF1072F9D45 /* CustomTokensView.swift */; };
		FB3401D2DF72092E03109173 /* CreateShardFlow.swift in Sources */ = {isa = PBXBuildFile; fileRef = CCAE5E8780140EF078CA194B /* CreateShardFlow.swift */; };
		FBBBA2457CFC45E2A68160D0 /* SecurityEnvironment.swift in Sources */ = {isa = PBXBuildFile; fileRef = 729455434EC6340461D1B478 /* SecurityEnvironment.swift */; };
/* End PBXBuildFile section */

/* Begin PBXContainerItemProxy section */
		6B3B369515A782257901EF81 /* PBXContainerItemProxy */ = {
			isa = PBXContainerItemProxy;
			containerPortal = 6029433CA49DB32A89221F2C /* Project object */;
			proxyType = 1;
			remoteGlobalIDString = 163D4C9B616CF11B16AB35B9;
			remoteInfo = Horcrux;
		};
/* End PBXContainerItemProxy section */

/* Begin PBXFileReference section */
		009B2C4850952397C883ED7F /* RefreshPeerBindingTests.swift */ = {isa = PBXFileReference; lastKnownFileType = sourcecode.swift; path = RefreshPeerBindingTests.swift; sourceTree = "<group>"; };
		02982BCC1C69D63971302724 /* DkgEstimate.swift */ = {isa = PBXFileReference; lastKnownFileType = sourcecode.swift; path = DkgEstimate.swift; sourceTree = "<group>"; };
		03BCB86ADC990211CDD81BEF /* HorcruxTheme.swift */ = {isa = PBXFileReference; lastKnownFileType = sourcecode.swift; path = HorcruxTheme.swift; sourceTree = "<group>"; };
		044287395A456FA0A19534CD /* L10n.swift */ = {isa = PBXFileReference; lastKnownFileType = sourcecode.swift; path = L10n.swift; sourceTree = "<group>"; };
		084900333F9C6D693A73EDD3 /* AddressValidator.swift */ = {isa = PBXFileReference; lastKnownFileType = sourcecode.swift; path = AddressValidator.swift; sourceTree = "<group>"; };
		0996A676D3CD4B28950E3F90 /* DeepLinkRouterTests.swift */ = {isa = PBXFileReference; lastKnownFileType = sourcecode.swift; path = DeepLinkRouterTests.swift; sourceTree = "<group>"; };
		09FDAD0B647208C08CA5D02C /* NodeErrorMapperTests.swift */ = {isa = PBXFileReference; lastKnownFileType = sourcecode.swift; path = NodeErrorMapperTests.swift; sourceTree = "<group>"; };
		0A31043E56FEF3233E692391 /* MessagePadding.swift */ = {isa = PBXFileReference; lastKnownFileType = sourcecode.swift; path = MessagePadding.swift; sourceTree = "<group>"; };
		0A32865736E5E754BD205BA2 /* TransactionHistoryView.swift */ = {isa = PBXFileReference; lastKnownFileType = sourcecode.swift; path = TransactionHistoryView.swift; sourceTree = "<group>"; };
		0C0C6BE3464B8B466F380C37 /* EndpointResolutionTests.swift */ = {isa = PBXFileReference; lastKnownFileType = sourcecode.swift; path = EndpointResolutionTests.swift; sourceTree = "<group>"; };
		0C5FFA18D2FBF177AEAD8BC2 /* AccountBackupMigrationTests.swift */ = {isa = PBXFileReference; lastKnownFileType = sourcecode.swift; path = AccountBackupMigrationTests.swift; sourceTree = "<group>"; };
		0D8CC76DA3FFA51F1581D7CA /* TransactionStoreTests.swift */ = {isa = PBXFileReference; lastKnownFileType = sourcecode.swift; path = TransactionStoreTests.swift; sourceTree = "<group>"; };
		0E78608F2CD0ED1CADF94547 /* SecureLog.swift */ = {isa = PBXFileReference; lastKnownFileType = sourcecode.swift; path = SecureLog.swift; sourceTree = "<group>"; };
		12C11D20C4929E2BE2553316 /* Assets.xcassets */ = {isa = PBXFileReference; lastKnownFileType = folder.assetcatalog; path = Assets.xcassets; sourceTree = "<group>"; };
		155DE82F894BE96B63645AED /* CeremonyStateManagerTests.swift */ = {isa = PBXFileReference; lastKnownFileType = sourcecode.swift; path = CeremonyStateManagerTests.swift; sourceTree = "<group>"; };
		15830F30B8339C7263832772 /* CeremonyStateManager.swift */ = {isa = PBXFileReference; lastKnownFileType = sourcecode.swift; path = CeremonyStateManager.swift; sourceTree = "<group>"; };
		1772350E2E8C633DF7D23EAE /* Haptics.swift */ = {isa = PBXFileReference; lastKnownFileType = sourcecode.swift; path = Haptics.swift; sourceTree = "<group>"; };
		18E722F82F4851FF4C37CDA4 /* ShardsViewModel.swift */ = {isa = PBXFileReference; lastKnownFileType = sourcecode.swift; path = ShardsViewModel.swift; sourceTree = "<group>"; };
		1AF9DEBF9BECD65C63B64B81 /* horcrux_core.swift */ = {isa = PBXFileReference; lastKnownFileType = sourcecode.swift; path = horcrux_core.swift; sourceTree = "<group>"; };
		1C449413E5EB3FFAF2D8160F /* module.modulemap */ = {isa = PBXFileReference; lastKnownFileType = "sourcecode.module-map"; path = module.modulemap; sourceTree = "<group>"; };
		1E3F716A4D34C9A617D81B3E /* DecodedCallView.swift */ = {isa = PBXFileReference; lastKnownFileType = sourcecode.swift; path = DecodedCallView.swift; sourceTree = "<group>"; };
		1E88421735CBBD6536F73D1A /* CopyFeedback.swift */ = {isa = PBXFileReference; lastKnownFileType = sourcecode.swift; path = CopyFeedback.swift; sourceTree = "<group>"; };
		2375926B0A209B326B8F8B38 /* ApprovalRequestStore.swift */ = {isa = PBXFileReference; lastKnownFileType = sourcecode.swift; path = ApprovalRequestStore.swift; sourceTree = "<group>"; };
		23D6F6D001CECC9C35634C36 /* HorcruxTests.xctest */ = {isa = PBXFileReference; includeInIndex = 0; lastKnownFileType = wrapper.cfbundle; path = HorcruxTests.xctest; sourceTree = BUILT_PRODUCTS_DIR; };
		249957543A7E7602C072F6E6 /* BitcoinFailoverTests.swift */ = {isa = PBXFileReference; lastKnownFileType = sourcecode.swift; path = BitcoinFailoverTests.swift; sourceTree = "<group>"; };
		262F8D757D7E32834A03160B /* Bech32.swift */ = {isa = PBXFileReference; lastKnownFileType = sourcecode.swift; path = Bech32.swift; sourceTree = "<group>"; };
		2B1F155AE9F080060144E472 /* SecureEnclaveManagerTests.swift */ = {isa = PBXFileReference; lastKnownFileType = sourcecode.swift; path = SecureEnclaveManagerTests.swift; sourceTree = "<group>"; };
		2C2DFEADD4C7F811A28CE435 /* RelayConfigTests.swift */ = {isa = PBXFileReference; lastKnownFileType = sourcecode.swift; path = RelayConfigTests.swift; sourceTree = "<group>"; };
		2C649DA6FE4894AAB6C94D4E /* EndpointSourceTests.swift */ = {isa = PBXFileReference; lastKnownFileType = sourcecode.swift; path = EndpointSourceTests.swift; sourceTree = "<group>"; };
		2F16FEAB7A7D83404E721639 /* AddressBook.swift */ = {isa = PBXFileReference; lastKnownFileType = sourcecode.swift; path = AddressBook.swift; sourceTree = "<group>"; };
		3175D60C78853AD441A91030 /* BLETransport.swift */ = {isa = PBXFileReference; lastKnownFileType = sourcecode.swift; path = BLETransport.swift; sourceTree = "<group>"; };
		33A2590D4F97BE81D976BC57 /* ChainEndpointList.swift */ = {isa = PBXFileReference; lastKnownFileType = sourcecode.swift; path = ChainEndpointList.swift; sourceTree = "<group>"; };
		348DBC6D87E304C4653BD1A0 /* ProviderCoverageSummary.swift */ = {isa = PBXFileReference; lastKnownFileType = sourcecode.swift; path = ProviderCoverageSummary.swift; sourceTree = "<group>"; };
		36BF7F56D454A6F78D4A2F37 /* CertificatePinner.swift */ = {isa = PBXFileReference; lastKnownFileType = sourcecode.swift; path = CertificatePinner.swift; sourceTree = "<group>"; };
		3935002B5AD730445E22C6BD /* TransportProtocol.swift */ = {isa = PBXFileReference; lastKnownFileType = sourcecode.swift; path = TransportProtocol.swift; sourceTree = "<group>"; };
		3B45D5364AB9F1360EFA4E5C /* WalletStoreTests.swift */ = {isa = PBXFileReference; lastKnownFileType = sourcecode.swift; path = WalletStoreTests.swift; sourceTree = "<group>"; };
		3B80076D224C8EF78FD4DC23 /* ChainEndpointOverrides.swift */ = {isa = PBXFileReference; lastKnownFileType = sourcecode.swift; path = ChainEndpointOverrides.swift; sourceTree = "<group>"; };
		3B9E2972827975B5F14B0356 /* zh-Hans */ = {isa = PBXFileReference; lastKnownFileType = text.plist.strings; name = "zh-Hans"; path = "zh-Hans.lproj/Localizable.strings"; sourceTree = "<group>"; };
		3FF408B4D713C13918899FEE /* CreateShardViewModel.swift */ = {isa = PBXFileReference; lastKnownFileType = sourcecode.swift; path = CreateShardViewModel.swift; sourceTree = "<group>"; };
		405A013BA7EFAD11E4F8F4DA /* SecurityHealthCard.swift */ = {isa = PBXFileReference; lastKnownFileType = sourcecode.swift; path = SecurityHealthCard.swift; sourceTree = "<group>"; };
		409A638953BCE50F889E264D /* ColdSigningView.swift */ = {isa = PBXFileReference; lastKnownFileType = sourcecode.swift; path = ColdSigningView.swift; sourceTree = "<group>"; };
		422C50490783824C211D1A4E /* WiFiDirectTransport.swift */ = {isa = PBXFileReference; lastKnownFileType = sourcecode.swift; path = WiFiDirectTransport.swift; sourceTree = "<group>"; };
		44CC7FC6007AA9598B0D3F86 /* ColdSigningViewV2.swift */ = {isa = PBXFileReference; lastKnownFileType = sourcecode.swift; path = ColdSigningViewV2.swift; sourceTree = "<group>"; };
		4621CE39F61CBCFDBD3DCD1B /* TronAddress.swift */ = {isa = PBXFileReference; lastKnownFileType = sourcecode.swift; path = TronAddress.swift; sourceTree = "<group>"; };
		46F96EED87A21ED0BBE9B1B0 /* SettingsView.swift */ = {isa = PBXFileReference; lastKnownFileType = sourcecode.swift; path = SettingsView.swift; sourceTree = "<group>"; };
		49290534F8CBC9A619F040F0 /* AntiDebug.swift */ = {isa = PBXFileReference; lastKnownFileType = sourcecode.swift; path = AntiDebug.swift; sourceTree = "<group>"; };
		49A262F731DB964A68E24B04 /* SigningView.swift */ = {isa = PBXFileReference; lastKnownFileType = sourcecode.swift; path = SigningView.swift; sourceTree = "<group>"; };
		4B97A4C60C8B4D040DBB1906 /* SigningViewModel.swift */ = {isa = PBXFileReference; lastKnownFileType = sourcecode.swift; path = SigningViewModel.swift; sourceTree = "<group>"; };
		4C4949918E6EAB7072915827 /* VaultBadge.swift */ = {isa = PBXFileReference; lastKnownFileType = sourcecode.swift; path = VaultBadge.swift; sourceTree = "<group>"; };
		4CB5FCCE3D5CA1AFAF3CC572 /* WalletAvatarStore.swift */ = {isa = PBXFileReference; lastKnownFileType = sourcecode.swift; path = WalletAvatarStore.swift; sourceTree = "<group>"; };
		4D6DF2DF65312D23533540F7 /* AuditExportTests.swift */ = {isa = PBXFileReference; lastKnownFileType = sourcecode.swift; path = AuditExportTests.swift; sourceTree = "<group>"; };
		52D0283165D5E6EF6F1EAEA9 /* ReceiveView.swift */ = {isa = PBXFileReference; lastKnownFileType = sourcecode.swift; path = ReceiveView.swift; sourceTree = "<group>"; };
		5521EC6BCED84EF1072F9D45 /* CustomTokensView.swift */ = {isa = PBXFileReference; lastKnownFileType = sourcecode.swift; path = CustomTokensView.swift; sourceTree = "<group>"; };
		559B2D1CE5F41320F4A9A870 /* AppState.swift */ = {isa = PBXFileReference; lastKnownFileType = sourcecode.swift; path = AppState.swift; sourceTree = "<group>"; };
		576275CC33EBC4584CF819DB /* ShardHealthView.swift */ = {isa = PBXFileReference; lastKnownFileType = sourcecode.swift; path = ShardHealthView.swift; sourceTree = "<group>"; };
		5918A98EB3F7837001C759F5 /* JoinSigningView.swift */ = {isa = PBXFileReference; lastKnownFileType = sourcecode.swift; path = JoinSigningView.swift; sourceTree = "<group>"; };
		59656A475A44B175A3E01899 /* RPCRoutingTests.swift */ = {isa = PBXFileReference; lastKnownFileType = sourcecode.swift; path = RPCRoutingTests.swift; sourceTree = "<group>"; };
		5A4BDFACE7DEA79E19B70432 /* ApprovalRequest.swift */ = {isa = PBXFileReference; lastKnownFileType = sourcecode.swift; path = ApprovalRequest.swift; sourceTree = "<group>"; };
		5AAA4CE2B20BD8B486004E08 /* AuditExport.swift */ = {isa = PBXFileReference; lastKnownFileType = sourcecode.swift; path = AuditExport.swift; sourceTree = "<group>"; };
		60602609EBFD9982939E260C /* SecureEnclaveManager.swift */ = {isa = PBXFileReference; lastKnownFileType = sourcecode.swift; path = SecureEnclaveManager.swift; sourceTree = "<group>"; };
		60FEA7C771F39F2C20D8EAC2 /* VaultEditSheet.swift */ = {isa = PBXFileReference; lastKnownFileType = sourcecode.swift; path = VaultEditSheet.swift; sourceTree = "<group>"; };
		678F55EA0F92269FF77CA18E /* NetworkConfigTests.swift */ = {isa = PBXFileReference; lastKnownFileType = sourcecode.swift; path = NetworkConfigTests.swift; sourceTree = "<group>"; };
		693AF0EBA3950107FFA1F5EE /* AuditExportView.swift */ = {isa = PBXFileReference; lastKnownFileType = sourcecode.swift; path = AuditExportView.swift; sourceTree = "<group>"; };
		69A9C998E7A806927B3E2D34 /* CreateShardViewModelTests.swift */ = {isa = PBXFileReference; lastKnownFileType = sourcecode.swift; path = CreateShardViewModelTests.swift; sourceTree = "<group>"; };
		6A13DA00F146F4337A259CB9 /* ColdSigningCoordinatorV2.swift */ = {isa = PBXFileReference; lastKnownFileType = sourcecode.swift; path = ColdSigningCoordinatorV2.swift; sourceTree = "<group>"; };
		6B60143CF0CBC4C79AB085D6 /* PeerManager.swift */ = {isa = PBXFileReference; lastKnownFileType = sourcecode.swift; path = PeerManager.swift; sourceTree = "<group>"; };
		6D5915316EEE567F86FD8ED5 /* NodeProviderSection.swift */ = {isa = PBXFileReference; lastKnownFileType = sourcecode.swift; path = NodeProviderSection.swift; sourceTree = "<group>"; };
		6FFA4225B41BFAAD41678A18 /* PortableBackupCrypto.swift */ = {isa = PBXFileReference; lastKnownFileType = sourcecode.swift; path = PortableBackupCrypto.swift; sourceTree = "<group>"; };
		71315F3A061FB358898A2C96 /* VaultDisplay.swift */ = {isa = PBXFileReference; lastKnownFileType = sourcecode.swift; path = VaultDisplay.swift; sourceTree = "<group>"; };
		729455434EC6340461D1B478 /* SecurityEnvironment.swift */ = {isa = PBXFileReference; lastKnownFileType = sourcecode.swift; path = SecurityEnvironment.swift; sourceTree = "<group>"; };
		73A13E2D2F330EDCDE8CE81D /* AddressFormatter.swift */ = {isa = PBXFileReference; lastKnownFileType = sourcecode.swift; path = AddressFormatter.swift; sourceTree = "<group>"; };
		73AA08C05D62817355866721 /* NodeSettingsMigration.swift */ = {isa = PBXFileReference; lastKnownFileType = sourcecode.swift; path = NodeSettingsMigration.swift; sourceTree = "<group>"; };
		74B77DFC7DCDDCA21A69B986 /* WiFiDirectPeerNameTests.swift */ = {isa = PBXFileReference; lastKnownFileType = sourcecode.swift; path = WiFiDirectPeerNameTests.swift; sourceTree = "<group>"; };
		76662EAB34A3B4B438BC0AB1 /* PrimePoolManager.swift */ = {isa = PBXFileReference; lastKnownFileType = sourcecode.swift; path = PrimePoolManager.swift; sourceTree = "<group>"; };
		76F29DB893748A79B8E50F7E /* SecurityEnvironmentTests.swift */ = {isa = PBXFileReference; lastKnownFileType = sourcecode.swift; path = SecurityEnvironmentTests.swift; sourceTree = "<group>"; };
		7835CD49959AD17C7590793F /* TokenModels.swift */ = {isa = PBXFileReference; lastKnownFileType = sourcecode.swift; path = TokenModels.swift; sourceTree = "<group>"; };
		78945C8D2E02C473BE7380A6 /* RoomCode.swift */ = {isa = PBXFileReference; lastKnownFileType = sourcecode.swift; path = RoomCode.swift; sourceTree = "<group>"; };
		78B55C6F5BC31FCC6755DC9F /* InfoHint.swift */ = {isa = PBXFileReference; lastKnownFileType = sourcecode.swift; path = InfoHint.swift; sourceTree = "<group>"; };
		7A849C84C85BCB4D83640A5B /* QRTransport.swift */ = {isa = PBXFileReference; lastKnownFileType = sourcecode.swift; path = QRTransport.swift; sourceTree = "<group>"; };
		7D014454477EA3881187A1E7 /* PendingNonceTracker.swift */ = {isa = PBXFileReference; lastKnownFileType = sourcecode.swift; path = PendingNonceTracker.swift; sourceTree = "<group>"; };
		7EA36985E457A9DB8EE3B332 /* SecurityDetailView.swift */ = {isa = PBXFileReference; lastKnownFileType = sourcecode.swift; path = SecurityDetailView.swift; sourceTree = "<group>"; };
		8316163DB1BF3FFBF6245C17 /* AddressValidatorTests.swift */ = {isa = PBXFileReference; lastKnownFileType = sourcecode.swift; path = AddressValidatorTests.swift; sourceTree = "<group>"; };
		83448F8610DEDFCBE45618C7 /* NodeProviderTests.swift */ = {isa = PBXFileReference; lastKnownFileType = sourcecode.swift; path = NodeProviderTests.swift; sourceTree = "<group>"; };
		85CA60ED6C18A20962BDD93C /* HorcruxBridge.swift */ = {isa = PBXFileReference; lastKnownFileType = sourcecode.swift; path = HorcruxBridge.swift; sourceTree = "<group>"; };
		8622DE820B92BAE12389D7BC /* PortfolioMetricsTests.swift */ = {isa = PBXFileReference; lastKnownFileType = sourcecode.swift; path = PortfolioMetricsTests.swift; sourceTree = "<group>"; };
		86771C5B3BABB9FD8354FCC5 /* LanguageSettingsView.swift */ = {isa = PBXFileReference; lastKnownFileType = sourcecode.swift; path = LanguageSettingsView.swift; sourceTree = "<group>"; };
		86FE78C208523754FA44A557 /* NotificationManager.swift */ = {isa = PBXFileReference; lastKnownFileType = sourcecode.swift; path = NotificationManager.swift; sourceTree = "<group>"; };
		88C0BDC2A3F7036E342C71E9 /* PrivacyInfo.xcprivacy */ = {isa = PBXFileReference; path = PrivacyInfo.xcprivacy; sourceTree = "<group>"; };
		897E7A3966EE1DF4B0046DEC /* TransactionConfirmationPoller.swift */ = {isa = PBXFileReference; lastKnownFileType = sourcecode.swift; path = TransactionConfirmationPoller.swift; sourceTree = "<group>"; };
		8A7A080640527E951C3DFB84 /* BlockchainService.swift */ = {isa = PBXFileReference; lastKnownFileType = sourcecode.swift; path = BlockchainService.swift; sourceTree = "<group>"; };
		8B964B1A7D6C7E01C2AE7431 /* EvmSigner.swift */ = {isa = PBXFileReference; lastKnownFileType = sourcecode.swift; path = EvmSigner.swift; sourceTree = "<group>"; };
		8BB50EE7E823225B340C4C0C /* DkgPeerBindingTests.swift */ = {isa = PBXFileReference; lastKnownFileType = sourcecode.swift; path = DkgPeerBindingTests.swift; sourceTree = "<group>"; };
		8EF5248FF173E012DA4EA0B0 /* en */ = {isa = PBXFileReference; lastKnownFileType = text.plist.strings; name = en; path = en.lproj/Localizable.strings; sourceTree = "<group>"; };
		8F2B46934353AFDC064CECD9 /* NetworkConfig.swift */ = {isa = PBXFileReference; lastKnownFileType = sourcecode.swift; path = NetworkConfig.swift; sourceTree = "<group>"; };
		8FFF986C29A1F3165AFA16CD /* PendingBroadcastQueue.swift */ = {isa = PBXFileReference; lastKnownFileType = sourcecode.swift; path = PendingBroadcastQueue.swift; sourceTree = "<group>"; };
		9240EE29F08AE512DCD7BFD9 /* CurrencyFormatter.swift */ = {isa = PBXFileReference; lastKnownFileType = sourcecode.swift; path = CurrencyFormatter.swift; sourceTree = "<group>"; };
		937C4AF2341FA2B8BD1A9B6C /* AddressFormatterTests.swift */ = {isa = PBXFileReference; lastKnownFileType = sourcecode.swift; path = AddressFormatterTests.swift; sourceTree = "<group>"; };
		94A99C1E7A26CD9EDDD95F25 /* BiometricAuth.swift */ = {isa = PBXFileReference; lastKnownFileType = sourcecode.swift; path = BiometricAuth.swift; sourceTree = "<group>"; };
		98062316CA738168EF54F467 /* WalletAvatarView.swift */ = {isa = PBXFileReference; lastKnownFileType = sourcecode.swift; path = WalletAvatarView.swift; sourceTree = "<group>"; };
		982A6DAFE2C3A7D0597486B8 /* TransactionHistorySyncer.swift */ = {isa = PBXFileReference; lastKnownFileType = sourcecode.swift; path = TransactionHistorySyncer.swift; sourceTree = "<group>"; };
		9B83751DC183569D78645E15 /* ENSResolver.swift */ = {isa = PBXFileReference; lastKnownFileType = sourcecode.swift; path = ENSResolver.swift; sourceTree = "<group>"; };
		9BC6D798ADA312303C951B6D /* DKGTestView.swift */ = {isa = PBXFileReference; lastKnownFileType = sourcecode.swift; path = DKGTestView.swift; sourceTree = "<group>"; };
		9CACEAE7FCDAA0BBD548F673 /* DeviceIdentity.swift */ = {isa = PBXFileReference; lastKnownFileType = sourcecode.swift; path = DeviceIdentity.swift; sourceTree = "<group>"; };
		9E7BB4D79AEFC130723E9626 /* HorcruxAppIntents.swift */ = {isa = PBXFileReference; lastKnownFileType = sourcecode.swift; path = HorcruxAppIntents.swift; sourceTree = "<group>"; };
		A1C880DEC4705948DAECFB5F /* DeepLinkRouter.swift */ = {isa = PBXFileReference; lastKnownFileType = sourcecode.swift; path = DeepLinkRouter.swift; sourceTree = "<group>"; };
		A35A0E4E7C941099FD60D063 /* NodeProvider.swift */ = {isa = PBXFileReference; lastKnownFileType = sourcecode.swift; path = NodeProvider.swift; sourceTree = "<group>"; };
		A418982CCA628D972E97D905 /* MessagePaddingTests.swift */ = {isa = PBXFileReference; lastKnownFileType = sourcecode.swift; path = MessagePaddingTests.swift; sourceTree = "<group>"; };
		A5DC97913C4CE8685D3D981E /* BlockchainServiceTests.swift */ = {isa = PBXFileReference; lastKnownFileType = sourcecode.swift; path = BlockchainServiceTests.swift; sourceTree = "<group>"; };
		A6B362D566641A53BD4DD16E /* CertificatePinnerTests.swift */ = {isa = PBXFileReference; lastKnownFileType = sourcecode.swift; path = CertificatePinnerTests.swift; sourceTree = "<group>"; };
		AA75292634745BB38B72881E /* AccountStore.swift */ = {isa = PBXFileReference; lastKnownFileType = sourcecode.swift; path = AccountStore.swift; sourceTree = "<group>"; };
		AA86EE21AC4AFEDCF529C518 /* RecoveryKeyManager.swift */ = {isa = PBXFileReference; lastKnownFileType = sourcecode.swift; path = RecoveryKeyManager.swift; sourceTree = "<group>"; };
		AB86BD0CD39FE862C621AD23 /* NodeSettingsMigrationTests.swift */ = {isa = PBXFileReference; lastKnownFileType = sourcecode.swift; path = NodeSettingsMigrationTests.swift; sourceTree = "<group>"; };
		AE9C9AA24E5D352EF0382FDB /* PriceService.swift */ = {isa = PBXFileReference; lastKnownFileType = sourcecode.swift; path = PriceService.swift; sourceTree = "<group>"; };
		B2D81D2873A804DCFE6F7442 /* BtcSigner.swift */ = {isa = PBXFileReference; lastKnownFileType = sourcecode.swift; path = BtcSigner.swift; sourceTree = "<group>"; };
		B557F92FAAF7C0F38B2CC6C6 /* WiFiLANTransport.swift */ = {isa = PBXFileReference; lastKnownFileType = sourcecode.swift; path = WiFiLANTransport.swift; sourceTree = "<group>"; };
		B66CCA676948C54B9CDFAC20 /* SecureClipboardTests.swift */ = {isa = PBXFileReference; lastKnownFileType = sourcecode.swift; path = SecureClipboardTests.swift; sourceTree = "<group>"; };
		B796C8B8FE702D114557534D /* CustomTokenStore.swift */ = {isa = PBXFileReference; lastKnownFileType = sourcecode.swift; path = CustomTokenStore.swift; sourceTree = "<group>"; };
		B9E84BAFAE73EC309601D40C /* ModelTests.swift */ = {isa = PBXFileReference; lastKnownFileType = sourcecode.swift; path = ModelTests.swift; sourceTree = "<group>"; };
		BA64A6444AFEACE5BEAF5C37 /* RecentCoSignersStore.swift */ = {isa = PBXFileReference; lastKnownFileType = sourcecode.swift; path = RecentCoSignersStore.swift; sourceTree = "<group>"; };
		BD8CC5A0AC3FBD7B276F77BE /* Info.plist */ = {isa = PBXFileReference; lastKnownFileType = text.plist; path = Info.plist; sourceTree = "<group>"; };
		BE6DF0A887F8A0C59358C3CA /* ContentView.swift */ = {isa = PBXFileReference; lastKnownFileType = sourcecode.swift; path = ContentView.swift; sourceTree = "<group>"; };
		C45263885A64041FCD023E9D /* ChainEndpointDetailView.swift */ = {isa = PBXFileReference; lastKnownFileType = sourcecode.swift; path = ChainEndpointDetailView.swift; sourceTree = "<group>"; };
		C5777E46F80335B4C7DE9E2E /* PendingBroadcastQueueTests.swift */ = {isa = PBXFileReference; lastKnownFileType = sourcecode.swift; path = PendingBroadcastQueueTests.swift; sourceTree = "<group>"; };
		C583709075015A9792E114A7 /* Horcrux.app */ = {isa = PBXFileReference; includeInIndex = 0; lastKnownFileType = wrapper.application; path = Horcrux.app; sourceTree = BUILT_PRODUCTS_DIR; };
		C75BB0B8F020796CEA28D12A /* NodeSettingsV2RegressionTests.swift */ = {isa = PBXFileReference; lastKnownFileType = sourcecode.swift; path = NodeSettingsV2RegressionTests.swift; sourceTree = "<group>"; };
		CAFF03A08D23796EC5BF3119 /* WalletStore.swift */ = {isa = PBXFileReference; lastKnownFileType = sourcecode.swift; path = WalletStore.swift; sourceTree = "<group>"; };
		CB858890AFC1B2641328353D /* WalletHomeView.swift */ = {isa = PBXFileReference; lastKnownFileType = sourcecode.swift; path = WalletHomeView.swift; sourceTree = "<group>"; };
		CCAE5E8780140EF078CA194B /* CreateShardFlow.swift */ = {isa = PBXFileReference; lastKnownFileType = sourcecode.swift; path = CreateShardFlow.swift; sourceTree = "<group>"; };
		CCEDE02F9A5A9EC8B2DA40B3 /* SigningPeerBindingTests.swift */ = {isa = PBXFileReference; lastKnownFileType = sourcecode.swift; path = SigningPeerBindingTests.swift; sourceTree = "<group>"; };
		CE490D34FEE7816E42DB8691 /* RelayTransport.swift */ = {isa = PBXFileReference; lastKnownFileType = sourcecode.swift; path = RelayTransport.swift; sourceTree = "<group>"; };
		D307B5C167392C9CA551EE9E /* AddressBookView.swift */ = {isa = PBXFileReference; lastKnownFileType = sourcecode.swift; path = AddressBookView.swift; sourceTree = "<group>"; };
		D7473CDCC445DA4468C1E10B /* ColdSigningCoordinator.swift */ = {isa = PBXFileReference; lastKnownFileType = sourcecode.swift; path = ColdSigningCoordinator.swift; sourceTree = "<group>"; };
		D886FBBE2DF6B3AA6FA5A29C /* Components.swift */ = {isa = PBXFileReference; lastKnownFileType = sourcecode.swift; path = Components.swift; sourceTree = "<group>"; };
		D9265C09B5C350000F474B15 /* EndpointSource.swift */ = {isa = PBXFileReference; lastKnownFileType = sourcecode.swift; path = EndpointSource.swift; sourceTree = "<group>"; };
		DD030979CCAA127E220D7660 /* TokenModelsTests.swift */ = {isa = PBXFileReference; lastKnownFileType = sourcecode.swift; path = TokenModelsTests.swift; sourceTree = "<group>"; };
		DD9E26CC00E6FEDD1A1F95E8 /* RelayConfig.swift */ = {isa = PBXFileReference; lastKnownFileType = sourcecode.swift; path = RelayConfig.swift; sourceTree = "<group>"; };
		E1427E0D4CE4032F2665694B /* ProviderCoverageSummaryTests.swift */ = {isa = PBXFileReference; lastKnownFileType = sourcecode.swift; path = ProviderCoverageSummaryTests.swift; sourceTree = "<group>"; };
		E2099762FB1979A4D8A64EA4 /* BalanceCache.swift */ = {isa = PBXFileReference; lastKnownFileType = sourcecode.swift; path = BalanceCache.swift; sourceTree = "<group>"; };
		E25F57AE90B36D0AA1D9D066 /* horcrux_coreFFI.h */ = {isa = PBXFileReference; lastKnownFileType = sourcecode.c.h; path = horcrux_coreFFI.h; sourceTree = "<group>"; };
		E28FFAFF9BE0949A94CC104D /* RefreshShardCoordinator.swift */ = {isa = PBXFileReference; lastKnownFileType = sourcecode.swift; path = RefreshShardCoordinator.swift; sourceTree = "<group>"; };
		E34CE834584D33E59E57F62B /* SecureKeyVault.swift */ = {isa = PBXFileReference; lastKnownFileType = sourcecode.swift; path = SecureKeyVault.swift; sourceTree = "<group>"; };
		E40F5C82E2B2A23A01ACEDF5 /* KeychainManager.swift */ = {isa = PBXFileReference; lastKnownFileType = sourcecode.swift; path = KeychainManager.swift; sourceTree = "<group>"; };
		E434A9E52D5F6026A576A1FD /* SignRequestDTO.swift */ = {isa = PBXFileReference; lastKnownFileType = sourcecode.swift; path = SignRequestDTO.swift; sourceTree = "<group>"; };
		E747831814969072B21C949B /* PortfolioMetrics.swift */ = {isa = PBXFileReference; lastKnownFileType = sourcecode.swift; path = PortfolioMetrics.swift; sourceTree = "<group>"; };
		E7480F0578841135C2CBB740 /* SigningViewModelTests.swift */ = {isa = PBXFileReference; lastKnownFileType = sourcecode.swift; path = SigningViewModelTests.swift; sourceTree = "<group>"; };
		EB9476C366E0DC0DE88A9E3D /* RefreshShardSheet.swift */ = {isa = PBXFileReference; lastKnownFileType = sourcecode.swift; path = RefreshShardSheet.swift; sourceTree = "<group>"; };
		EBE439C22E1CABB66A71A4AF /* PinHashTests.swift */ = {isa = PBXFileReference; lastKnownFileType = sourcecode.swift; path = PinHashTests.swift; sourceTree = "<group>"; };
		EC37A890669AF1C1B40C4352 /* ApprovalsView.swift */ = {isa = PBXFileReference; lastKnownFileType = sourcecode.swift; path = ApprovalsView.swift; sourceTree = "<group>"; };
		F00104BD55BFFC248C99EE8E /* SecureKeyVaultTests.swift */ = {isa = PBXFileReference; lastKnownFileType = sourcecode.swift; path = SecureKeyVaultTests.swift; sourceTree = "<group>"; };
		F01AE22958DB93BC491B9519 /* ShardsListView.swift */ = {isa = PBXFileReference; lastKnownFileType = sourcecode.swift; path = ShardsListView.swift; sourceTree = "<group>"; };
		F14FEC5E558EE767A4A6A091 /* SecureClipboard.swift */ = {isa = PBXFileReference; lastKnownFileType = sourcecode.swift; path = SecureClipboard.swift; sourceTree = "<group>"; };
		F44672820EB366ADC39D77A8 /* QRScannerView.swift */ = {isa = PBXFileReference; lastKnownFileType = sourcecode.swift; path = QRScannerView.swift; sourceTree = "<group>"; };
		F8D5302000BBC22EADA2A1F6 /* HorcruxApp.swift */ = {isa = PBXFileReference; lastKnownFileType = sourcecode.swift; path = HorcruxApp.swift; sourceTree = "<group>"; };
		F90B2E00ADD4EFE856353A61 /* TransactionStore.swift */ = {isa = PBXFileReference; lastKnownFileType = sourcecode.swift; path = TransactionStore.swift; sourceTree = "<group>"; };
		F99D9A6FA92C39574299C592 /* NodeErrorMapper.swift */ = {isa = PBXFileReference; lastKnownFileType = sourcecode.swift; path = NodeErrorMapper.swift; sourceTree = "<group>"; };
		FCDDD69488277606AB6B8BEC /* RecentCoSignersStoreTests.swift */ = {isa = PBXFileReference; lastKnownFileType = sourcecode.swift; path = RecentCoSignersStoreTests.swift; sourceTree = "<group>"; };
		FD6B54BEC97DB28C77D606D2 /* RefreshTracker.swift */ = {isa = PBXFileReference; lastKnownFileType = sourcecode.swift; path = RefreshTracker.swift; sourceTree = "<group>"; };
		FE9BA63A9EC540A7F513185B /* DecimalMathTests.swift */ = {isa = PBXFileReference; lastKnownFileType = sourcecode.swift; path = DecimalMathTests.swift; sourceTree = "<group>"; };
/* End PBXFileReference section */

/* Begin PBXGroup section */
		1D9198C57ED8B65E06A5EEC4 = {
			isa = PBXGroup;
			children = (
				89EAF16D7A58D4B93A4545C6 /* Horcrux */,
				D1AB0B481D50F91BDE1AE8DE /* HorcruxTests */,
				FAC3646CF97425339608EFDA /* Products */,
			);
			sourceTree = "<group>";
		};
		32205AFDC5AB792D0B6B5180 /* horcrux_coreFFI */ = {
			isa = PBXGroup;
			children = (
				E25F57AE90B36D0AA1D9D066 /* horcrux_coreFFI.h */,
				1C449413E5EB3FFAF2D8160F /* module.modulemap */,
			);
			path = horcrux_coreFFI;
			sourceTree = "<group>";
		};
		5030C4AE074E4DDB2C315EC4 /* Refresh */ = {
			isa = PBXGroup;
			children = (
				E28FFAFF9BE0949A94CC104D /* RefreshShardCoordinator.swift */,
				EB9476C366E0DC0DE88A9E3D /* RefreshShardSheet.swift */,
				FD6B54BEC97DB28C77D606D2 /* RefreshTracker.swift */,
			);
			path = Refresh;
			sourceTree = "<group>";
		};
		5089B877F4290E63370C76A3 /* Utilities */ = {
			isa = PBXGroup;
			children = (
				9240EE29F08AE512DCD7BFD9 /* CurrencyFormatter.swift */,
				044287395A456FA0A19534CD /* L10n.swift */,
			);
			path = Utilities;
			sourceTree = "<group>";
		};
		50C3D8B454E4183FACE95624 /* App */ = {
			isa = PBXGroup;
			children = (
				559B2D1CE5F41320F4A9A870 /* AppState.swift */,
				BE6DF0A887F8A0C59358C3CA /* ContentView.swift */,
				F8D5302000BBC22EADA2A1F6 /* HorcruxApp.swift */,
				9E7BB4D79AEFC130723E9626 /* HorcruxAppIntents.swift */,
			);
			path = App;
			sourceTree = "<group>";
		};
		53136359B208CC995DB8FC46 /* Theme */ = {
			isa = PBXGroup;
			children = (
				03BCB86ADC990211CDD81BEF /* HorcruxTheme.swift */,
			);
			path = Theme;
			sourceTree = "<group>";
		};
		6338D0207FFDF97D8C6A7B25 /* Shards */ = {
			isa = PBXGroup;
			children = (
				405A013BA7EFAD11E4F8F4DA /* SecurityHealthCard.swift */,
				F01AE22958DB93BC491B9519 /* ShardsListView.swift */,
				18E722F82F4851FF4C37CDA4 /* ShardsViewModel.swift */,
			);
			path = Shards;
			sourceTree = "<group>";
		};
		674CB10F07EBF3F26D7A9C0C /* Transport */ = {
			isa = PBXGroup;
			children = (
				3175D60C78853AD441A91030 /* BLETransport.swift */,
				6B60143CF0CBC4C79AB085D6 /* PeerManager.swift */,
				7A849C84C85BCB4D83640A5B /* QRTransport.swift */,
				DD9E26CC00E6FEDD1A1F95E8 /* RelayConfig.swift */,
				CE490D34FEE7816E42DB8691 /* RelayTransport.swift */,
				78945C8D2E02C473BE7380A6 /* RoomCode.swift */,
				3935002B5AD730445E22C6BD /* TransportProtocol.swift */,
				422C50490783824C211D1A4E /* WiFiDirectTransport.swift */,
				B557F92FAAF7C0F38B2CC6C6 /* WiFiLANTransport.swift */,
			);
			path = Transport;
			sourceTree = "<group>";
		};
		72A66C7D9607CB2B55039EE6 /* Security */ = {
			isa = PBXGroup;
			children = (
				49290534F8CBC9A619F040F0 /* AntiDebug.swift */,
				94A99C1E7A26CD9EDDD95F25 /* BiometricAuth.swift */,
				36BF7F56D454A6F78D4A2F37 /* CertificatePinner.swift */,
				E40F5C82E2B2A23A01ACEDF5 /* KeychainManager.swift */,
				0A31043E56FEF3233E692391 /* MessagePadding.swift */,
				6FFA4225B41BFAAD41678A18 /* PortableBackupCrypto.swift */,
				AA86EE21AC4AFEDCF529C518 /* RecoveryKeyManager.swift */,
				F14FEC5E558EE767A4A6A091 /* SecureClipboard.swift */,
				60602609EBFD9982939E260C /* SecureEnclaveManager.swift */,
				E34CE834584D33E59E57F62B /* SecureKeyVault.swift */,
				0E78608F2CD0ED1CADF94547 /* SecureLog.swift */,
				729455434EC6340461D1B478 /* SecurityEnvironment.swift */,
			);
			path = Security;
			sourceTree = "<group>";
		};
		83CFF762112E98080C177AE4 /* UI */ = {
			isa = PBXGroup;
			children = (
				9983729B607ECDA12985B516 /* Components */,
				53136359B208CC995DB8FC46 /* Theme */,
			);
			path = UI;
			sourceTree = "<group>";
		};
		85B75094B1B57036AB04F589 /* Settings */ = {
			isa = PBXGroup;
			children = (
				C854894C074EC297301A87CF /* NodeSettings */,
				D307B5C167392C9CA551EE9E /* AddressBookView.swift */,
				693AF0EBA3950107FFA1F5EE /* AuditExportView.swift */,
				5521EC6BCED84EF1072F9D45 /* CustomTokensView.swift */,
				86771C5B3BABB9FD8354FCC5 /* LanguageSettingsView.swift */,
				46F96EED87A21ED0BBE9B1B0 /* SettingsView.swift */,
				576275CC33EBC4584CF819DB /* ShardHealthView.swift */,
			);
			path = Settings;
			sourceTree = "<group>";
		};
		89EAF16D7A58D4B93A4545C6 /* Horcrux */ = {
			isa = PBXGroup;
			children = (
				50C3D8B454E4183FACE95624 /* App */,
				F1224CFF61E5A4DE8A808D53 /* Core */,
				C774521CE4781E7283E70505 /* Features */,
				ABD0CFBDF41EFE73DF1D2687 /* Resources */,
				72A66C7D9607CB2B55039EE6 /* Security */,
				674CB10F07EBF3F26D7A9C0C /* Transport */,
				83CFF762112E98080C177AE4 /* UI */,
				5089B877F4290E63370C76A3 /* Utilities */,
				88C0BDC2A3F7036E342C71E9 /* PrivacyInfo.xcprivacy */,
			);
			path = Horcrux;
			sourceTree = "<group>";
		};
		8D7BF9E649B1B930F3E8E6B3 /* CreateShard */ = {
			isa = PBXGroup;
			children = (
				CCAE5E8780140EF078CA194B /* CreateShardFlow.swift */,
				3FF408B4D713C13918899FEE /* CreateShardViewModel.swift */,
				9BC6D798ADA312303C951B6D /* DKGTestView.swift */,
			);
			path = CreateShard;
			sourceTree = "<group>";
		};
		93F0395AEC47C30E90BC71AB /* Approvals */ = {
			isa = PBXGroup;
			children = (
				EC37A890669AF1C1B40C4352 /* ApprovalsView.swift */,
			);
			path = Approvals;
			sourceTree = "<group>";
		};
		9983729B607ECDA12985B516 /* Components */ = {
			isa = PBXGroup;
			children = (
				D886FBBE2DF6B3AA6FA5A29C /* Components.swift */,
				78B55C6F5BC31FCC6755DC9F /* InfoHint.swift */,
				4C4949918E6EAB7072915827 /* VaultBadge.swift */,
				98062316CA738168EF54F467 /* WalletAvatarView.swift */,
			);
			path = Components;
			sourceTree = "<group>";
		};
		ABD0CFBDF41EFE73DF1D2687 /* Resources */ = {
			isa = PBXGroup;
			children = (
				4ADE5780233CC702F9DEFC2D /* Localizable.strings */,
				12C11D20C4929E2BE2553316 /* Assets.xcassets */,
				BD8CC5A0AC3FBD7B276F77BE /* Info.plist */,
			);
			path = Resources;
			sourceTree = "<group>";
		};
		B8D4568CCB9082DA68D2A815 /* Wallet */ = {
			isa = PBXGroup;
			children = (
				E747831814969072B21C949B /* PortfolioMetrics.swift */,
				52D0283165D5E6EF6F1EAEA9 /* ReceiveView.swift */,
				7EA36985E457A9DB8EE3B332 /* SecurityDetailView.swift */,
				0A32865736E5E754BD205BA2 /* TransactionHistoryView.swift */,
				71315F3A061FB358898A2C96 /* VaultDisplay.swift */,
				60FEA7C771F39F2C20D8EAC2 /* VaultEditSheet.swift */,
				CB858890AFC1B2641328353D /* WalletHomeView.swift */,
			);
			path = Wallet;
			sourceTree = "<group>";
		};
		C774521CE4781E7283E70505 /* Features */ = {
			isa = PBXGroup;
			children = (
				93F0395AEC47C30E90BC71AB /* Approvals */,
				8D7BF9E649B1B930F3E8E6B3 /* CreateShard */,
				5030C4AE074E4DDB2C315EC4 /* Refresh */,
				85B75094B1B57036AB04F589 /* Settings */,
				6338D0207FFDF97D8C6A7B25 /* Shards */,
				D84222471135243952F2316A /* Signing */,
				B8D4568CCB9082DA68D2A815 /* Wallet */,
			);
			path = Features;
			sourceTree = "<group>";
		};
		C854894C074EC297301A87CF /* NodeSettings */ = {
			isa = PBXGroup;
			children = (
				C45263885A64041FCD023E9D /* ChainEndpointDetailView.swift */,
				33A2590D4F97BE81D976BC57 /* ChainEndpointList.swift */,
				D9265C09B5C350000F474B15 /* EndpointSource.swift */,
				6D5915316EEE567F86FD8ED5 /* NodeProviderSection.swift */,
				348DBC6D87E304C4653BD1A0 /* ProviderCoverageSummary.swift */,
			);
			path = NodeSettings;
			sourceTree = "<group>";
		};
		D1AB0B481D50F91BDE1AE8DE /* HorcruxTests */ = {
			isa = PBXGroup;
			children = (
				0C5FFA18D2FBF177AEAD8BC2 /* AccountBackupMigrationTests.swift */,
				937C4AF2341FA2B8BD1A9B6C /* AddressFormatterTests.swift */,
				8316163DB1BF3FFBF6245C17 /* AddressValidatorTests.swift */,
				4D6DF2DF65312D23533540F7 /* AuditExportTests.swift */,
				249957543A7E7602C072F6E6 /* BitcoinFailoverTests.swift */,
				A5DC97913C4CE8685D3D981E /* BlockchainServiceTests.swift */,
				155DE82F894BE96B63645AED /* CeremonyStateManagerTests.swift */,
				A6B362D566641A53BD4DD16E /* CertificatePinnerTests.swift */,
				69A9C998E7A806927B3E2D34 /* CreateShardViewModelTests.swift */,
				FE9BA63A9EC540A7F513185B /* DecimalMathTests.swift */,
				0996A676D3CD4B28950E3F90 /* DeepLinkRouterTests.swift */,
				8BB50EE7E823225B340C4C0C /* DkgPeerBindingTests.swift */,
				0C0C6BE3464B8B466F380C37 /* EndpointResolutionTests.swift */,
				2C649DA6FE4894AAB6C94D4E /* EndpointSourceTests.swift */,
				A418982CCA628D972E97D905 /* MessagePaddingTests.swift */,
				B9E84BAFAE73EC309601D40C /* ModelTests.swift */,
				678F55EA0F92269FF77CA18E /* NetworkConfigTests.swift */,
				09FDAD0B647208C08CA5D02C /* NodeErrorMapperTests.swift */,
				83448F8610DEDFCBE45618C7 /* NodeProviderTests.swift */,
				AB86BD0CD39FE862C621AD23 /* NodeSettingsMigrationTests.swift */,
				C75BB0B8F020796CEA28D12A /* NodeSettingsV2RegressionTests.swift */,
				C5777E46F80335B4C7DE9E2E /* PendingBroadcastQueueTests.swift */,
				EBE439C22E1CABB66A71A4AF /* PinHashTests.swift */,
				8622DE820B92BAE12389D7BC /* PortfolioMetricsTests.swift */,
				E1427E0D4CE4032F2665694B /* ProviderCoverageSummaryTests.swift */,
				FCDDD69488277606AB6B8BEC /* RecentCoSignersStoreTests.swift */,
				009B2C4850952397C883ED7F /* RefreshPeerBindingTests.swift */,
				2C2DFEADD4C7F811A28CE435 /* RelayConfigTests.swift */,
				59656A475A44B175A3E01899 /* RPCRoutingTests.swift */,
				B66CCA676948C54B9CDFAC20 /* SecureClipboardTests.swift */,
				2B1F155AE9F080060144E472 /* SecureEnclaveManagerTests.swift */,
				F00104BD55BFFC248C99EE8E /* SecureKeyVaultTests.swift */,
				76F29DB893748A79B8E50F7E /* SecurityEnvironmentTests.swift */,
				CCEDE02F9A5A9EC8B2DA40B3 /* SigningPeerBindingTests.swift */,
				E7480F0578841135C2CBB740 /* SigningViewModelTests.swift */,
				DD030979CCAA127E220D7660 /* TokenModelsTests.swift */,
				0D8CC76DA3FFA51F1581D7CA /* TransactionStoreTests.swift */,
				3B45D5364AB9F1360EFA4E5C /* WalletStoreTests.swift */,
				74B77DFC7DCDDCA21A69B986 /* WiFiDirectPeerNameTests.swift */,
			);
			path = HorcruxTests;
			sourceTree = "<group>";
		};
		D84222471135243952F2316A /* Signing */ = {
			isa = PBXGroup;
			children = (
				D7473CDCC445DA4468C1E10B /* ColdSigningCoordinator.swift */,
				6A13DA00F146F4337A259CB9 /* ColdSigningCoordinatorV2.swift */,
				409A638953BCE50F889E264D /* ColdSigningView.swift */,
				44CC7FC6007AA9598B0D3F86 /* ColdSigningViewV2.swift */,
				1E3F716A4D34C9A617D81B3E /* DecodedCallView.swift */,
				5918A98EB3F7837001C759F5 /* JoinSigningView.swift */,
				F44672820EB366ADC39D77A8 /* QRScannerView.swift */,
				49A262F731DB964A68E24B04 /* SigningView.swift */,
				4B97A4C60C8B4D040DBB1906 /* SigningViewModel.swift */,
				E434A9E52D5F6026A576A1FD /* SignRequestDTO.swift */,
			);
			path = Signing;
			sourceTree = "<group>";
		};
		EEA7138940618627E018772D /* Generated */ = {
			isa = PBXGroup;
			children = (
				32205AFDC5AB792D0B6B5180 /* horcrux_coreFFI */,
				1AF9DEBF9BECD65C63B64B81 /* horcrux_core.swift */,
			);
			path = Generated;
			sourceTree = "<group>";
		};
		F1224CFF61E5A4DE8A808D53 /* Core */ = {
			isa = PBXGroup;
			children = (
				EEA7138940618627E018772D /* Generated */,
				AA75292634745BB38B72881E /* AccountStore.swift */,
				2F16FEAB7A7D83404E721639 /* AddressBook.swift */,
				73A13E2D2F330EDCDE8CE81D /* AddressFormatter.swift */,
				084900333F9C6D693A73EDD3 /* AddressValidator.swift */,
				5A4BDFACE7DEA79E19B70432 /* ApprovalRequest.swift */,
				2375926B0A209B326B8F8B38 /* ApprovalRequestStore.swift */,
				5AAA4CE2B20BD8B486004E08 /* AuditExport.swift */,
				E2099762FB1979A4D8A64EA4 /* BalanceCache.swift */,
				262F8D757D7E32834A03160B /* Bech32.swift */,
				8A7A080640527E951C3DFB84 /* BlockchainService.swift */,
				B2D81D2873A804DCFE6F7442 /* BtcSigner.swift */,
				15830F30B8339C7263832772 /* CeremonyStateManager.swift */,
				3B80076D224C8EF78FD4DC23 /* ChainEndpointOverrides.swift */,
				1E88421735CBBD6536F73D1A /* CopyFeedback.swift */,
				B796C8B8FE702D114557534D /* CustomTokenStore.swift */,
				A1C880DEC4705948DAECFB5F /* DeepLinkRouter.swift */,
				9CACEAE7FCDAA0BBD548F673 /* DeviceIdentity.swift */,
				02982BCC1C69D63971302724 /* DkgEstimate.swift */,
				9B83751DC183569D78645E15 /* ENSResolver.swift */,
				8B964B1A7D6C7E01C2AE7431 /* EvmSigner.swift */,
				1772350E2E8C633DF7D23EAE /* Haptics.swift */,
				85CA60ED6C18A20962BDD93C /* HorcruxBridge.swift */,
				8F2B46934353AFDC064CECD9 /* NetworkConfig.swift */,
				F99D9A6FA92C39574299C592 /* NodeErrorMapper.swift */,
				A35A0E4E7C941099FD60D063 /* NodeProvider.swift */,
				73AA08C05D62817355866721 /* NodeSettingsMigration.swift */,
				86FE78C208523754FA44A557 /* NotificationManager.swift */,
				8FFF986C29A1F3165AFA16CD /* PendingBroadcastQueue.swift */,
				7D014454477EA3881187A1E7 /* PendingNonceTracker.swift */,
				AE9C9AA24E5D352EF0382FDB /* PriceService.swift */,
				76662EAB34A3B4B438BC0AB1 /* PrimePoolManager.swift */,
				BA64A6444AFEACE5BEAF5C37 /* RecentCoSignersStore.swift */,
				7835CD49959AD17C7590793F /* TokenModels.swift */,
				897E7A3966EE1DF4B0046DEC /* TransactionConfirmationPoller.swift */,
				982A6DAFE2C3A7D0597486B8 /* TransactionHistorySyncer.swift */,
				F90B2E00ADD4EFE856353A61 /* TransactionStore.swift */,
				4621CE39F61CBCFDBD3DCD1B /* TronAddress.swift */,
				4CB5FCCE3D5CA1AFAF3CC572 /* WalletAvatarStore.swift */,
				CAFF03A08D23796EC5BF3119 /* WalletStore.swift */,
			);
			path = Core;
			sourceTree = "<group>";
		};
		FAC3646CF97425339608EFDA /* Products */ = {
			isa = PBXGroup;
			children = (
				C583709075015A9792E114A7 /* Horcrux.app */,
				23D6F6D001CECC9C35634C36 /* HorcruxTests.xctest */,
			);
			name = Products;
			sourceTree = "<group>";
		};
/* End PBXGroup section */

/* Begin PBXNativeTarget section */
		163D4C9B616CF11B16AB35B9 /* Horcrux */ = {
			isa = PBXNativeTarget;
			buildConfigurationList = 3D707768B5158BB80B744269 /* Build configuration list for PBXNativeTarget "Horcrux" */;
			buildPhases = (
				EFA41AF606193E89C8DE116B /* Sources */,
				A819605D28C3BE84F39FEBD5 /* Resources */,
			);
			buildRules = (
			);
			dependencies = (
			);
			name = Horcrux;
			packageProductDependencies = (
			);
			productName = Horcrux;
			productReference = C583709075015A9792E114A7 /* Horcrux.app */;
			productType = "com.apple.product-type.application";
		};
		79DDF8C2C04E53307CB225B3 /* HorcruxTests */ = {
			isa = PBXNativeTarget;
			buildConfigurationList = 506C2C63F4597BFCB2BE6246 /* Build configuration list for PBXNativeTarget "HorcruxTests" */;
			buildPhases = (
				E48E4A17BB4DFBCE289333DC /* Sources */,
			);
			buildRules = (
			);
			dependencies = (
				E3634C909850F1A81E20F424 /* PBXTargetDependency */,
			);
			name = HorcruxTests;
			packageProductDependencies = (
			);
			productName = HorcruxTests;
			productReference = 23D6F6D001CECC9C35634C36 /* HorcruxTests.xctest */;
			productType = "com.apple.product-type.bundle.unit-test";
		};
/* End PBXNativeTarget section */

/* Begin PBXProject section */
		6029433CA49DB32A89221F2C /* Project object */ = {
			isa = PBXProject;
			attributes = {
				BuildIndependentTargetsInParallel = YES;
				LastUpgradeCheck = 1600;
				TargetAttributes = {
					163D4C9B616CF11B16AB35B9 = {
						ProvisioningStyle = Automatic;
					};
					79DDF8C2C04E53307CB225B3 = {
						ProvisioningStyle = Automatic;
					};
				};
			};
			buildConfigurationList = BE1ECBAD95C61FDAC2FFDAB0 /* Build configuration list for PBXProject "Horcrux" */;
			developmentRegion = en;
			hasScannedForEncodings = 0;
			knownRegions = (
				Base,
				en,
				"zh-Hans",
			);
			mainGroup = 1D9198C57ED8B65E06A5EEC4;
			minimizedProjectReferenceProxies = 1;
			preferredProjectObjectVersion = 77;
			productRefGroup = FAC3646CF97425339608EFDA /* Products */;
			projectDirPath = "";
			projectRoot = "";
			targets = (
				163D4C9B616CF11B16AB35B9 /* Horcrux */,
				79DDF8C2C04E53307CB225B3 /* HorcruxTests */,
			);
		};
/* End PBXProject section */

/* Begin PBXResourcesBuildPhase section */
		A819605D28C3BE84F39FEBD5 /* Resources */ = {
			isa = PBXResourcesBuildPhase;
			buildActionMask = 2147483647;
			files = (
				A1A8B7219650EA8D76C62127 /* Assets.xcassets in Resources */,
				42EB2E003EEBA8C2BC66D843 /* Localizable.strings in Resources */,
				D6BDD991137149EBE6D56A38 /* PrivacyInfo.xcprivacy in Resources */,
			);
			runOnlyForDeploymentPostprocessing = 0;
		};
/* End PBXResourcesBuildPhase section */

/* Begin PBXSourcesBuildPhase section */
		E48E4A17BB4DFBCE289333DC /* Sources */ = {
			isa = PBXSourcesBuildPhase;
			buildActionMask = 2147483647;
			files = (
				9D137E263DF00E54DD0386C8 /* AccountBackupMigrationTests.swift in Sources */,
				6004725264CD51E42182540D /* AddressFormatterTests.swift in Sources */,
				84D95BDDAF6E254C4D577C31 /* AddressValidatorTests.swift in Sources */,
				412776403F6D4CB19CF35E3F /* AuditExportTests.swift in Sources */,
				40B98DB408AB47D22B58F1B8 /* BitcoinFailoverTests.swift in Sources */,
				A4A201AC92EB06E94030380A /* BlockchainServiceTests.swift in Sources */,
				9FA5DAB74CA6BBF52A714168 /* CeremonyStateManagerTests.swift in Sources */,
				C7193E4A04CA16FE66E2457B /* CertificatePinnerTests.swift in Sources */,
				89F8EDBDD2C513909099CF0D /* CreateShardViewModelTests.swift in Sources */,
				FB1C258295F02371B59E294D /* DecimalMathTests.swift in Sources */,
				5BC458CA15D9972155012F63 /* DeepLinkRouterTests.swift in Sources */,
				6C4DADBAE905FE8B19A3BD46 /* DkgPeerBindingTests.swift in Sources */,
				F8AFD0BB432E20681624EAB8 /* EndpointResolutionTests.swift in Sources */,
				AC051838DAA0623239DA3532 /* EndpointSourceTests.swift in Sources */,
				567E1DBE06932F612270F002 /* MessagePaddingTests.swift in Sources */,
				514981C1384F66B055401254 /* ModelTests.swift in Sources */,
				563DA275111031BB4FCE5CF4 /* NetworkConfigTests.swift in Sources */,
				F63B208B16FFDB8F96621F31 /* NodeErrorMapperTests.swift in Sources */,
				2CE145D5BF7B08E331A1C386 /* NodeProviderTests.swift in Sources */,
				43524B363D75B75968C36433 /* NodeSettingsMigrationTests.swift in Sources */,
				68FDA36C87045EEE56A523D4 /* NodeSettingsV2RegressionTests.swift in Sources */,
				08CC5D1741B466360A4A2DF3 /* PendingBroadcastQueueTests.swift in Sources */,
				272EF60E67B5AF4EA28D33EC /* PinHashTests.swift in Sources */,
				0F938C5911BEDC1E7C3390EB /* PortfolioMetricsTests.swift in Sources */,
				BC583E60BB3FBF3E0D7E8580 /* ProviderCoverageSummaryTests.swift in Sources */,
				B112A84A551C22C784F9E235 /* RPCRoutingTests.swift in Sources */,
				704B7197A71DAE00F8EAB79C /* RecentCoSignersStoreTests.swift in Sources */,
				1570F7B396E189396D124E40 /* RefreshPeerBindingTests.swift in Sources */,
				9E2D32680EC22207F40539A1 /* RelayConfigTests.swift in Sources */,
				8B0BAADE9F87B21FC65B8E04 /* SecureClipboardTests.swift in Sources */,
				9E8647FFD4DDA1C050E77ADE /* SecureEnclaveManagerTests.swift in Sources */,
				AF36FB7F85B0E8E9F35D2AA1 /* SecureKeyVaultTests.swift in Sources */,
				C155C37C38CDD7B6F4AB0AFE /* SecurityEnvironmentTests.swift in Sources */,
				F67AC91D21B093E3756B84D0 /* SigningPeerBindingTests.swift in Sources */,
				7C44D37A130193DFEF2393D7 /* SigningViewModelTests.swift in Sources */,
				27ABF8D1668FCF1FDB9C8F91 /* TokenModelsTests.swift in Sources */,
				988A2125ECE7D174623434E2 /* TransactionStoreTests.swift in Sources */,
				62CB42B53B196669DF6313A7 /* WalletStoreTests.swift in Sources */,
				8950AE1AFA21E9582C720EED /* WiFiDirectPeerNameTests.swift in Sources */,
			);
			runOnlyForDeploymentPostprocessing = 0;
		};
		EFA41AF606193E89C8DE116B /* Sources */ = {
			isa = PBXSourcesBuildPhase;
			buildActionMask = 2147483647;
			files = (
				31F7AA8D7864624009E83AB9 /* AccountStore.swift in Sources */,
				AE38F5EE8CB8B850EA1CBBDD /* AddressBook.swift in Sources */,
				6C90E3C978702CEEFC4DF8FE /* AddressBookView.swift in Sources */,
				DA2E185667C1D9A16BC6EDAE /* AddressFormatter.swift in Sources */,
				CA245FE09F46BCC6310F353B /* AddressValidator.swift in Sources */,
				5A0FE1F122DD50F0C3D7D2ED /* AntiDebug.swift in Sources */,
				B64671FCC62F1C814889024A /* AppState.swift in Sources */,
				DA757C7520DD4E2DB0F26A40 /* ApprovalRequest.swift in Sources */,
				E688A0E1074C756CF5309D68 /* ApprovalRequestStore.swift in Sources */,
				6D3E2C56F288DEDE72085FE9 /* ApprovalsView.swift in Sources */,
				6BD5C3447B5624A11E14BB5B /* AuditExport.swift in Sources */,
				843756AA6FF24EF3B8B05FEB /* AuditExportView.swift in Sources */,
				725A35194DDFA392DA566445 /* BLETransport.swift in Sources */,
				CB09833C2794F5EE2C99DBA6 /* BalanceCache.swift in Sources */,
				6D4C7740FFB5BD6C29F039FC /* Bech32.swift in Sources */,
				9327D6514E1E6B6A5978A738 /* BiometricAuth.swift in Sources */,
				2A8F87FAFC1B268D5D8DB417 /* BlockchainService.swift in Sources */,
				40EE00FC37AC4A9BD0D5B5F1 /* BtcSigner.swift in Sources */,
				8B6DABC2BA6DA13BE06406AA /* CeremonyStateManager.swift in Sources */,
				52FD2C971898C344961F87A6 /* CertificatePinner.swift in Sources */,
				1BADDBB95DE4B8BC864D9FDC /* ChainEndpointDetailView.swift in Sources */,
				3771D1A4A43B80A1C6E03922 /* ChainEndpointList.swift in Sources */,
				7B8B2CA50AA9094D5833102F /* ChainEndpointOverrides.swift in Sources */,
				C3F663E12F4D2CC213624F7F /* ColdSigningCoordinator.swift in Sources */,
				2482523E5D2C54B27D4D7C23 /* ColdSigningCoordinatorV2.swift in Sources */,
				0071D77F99FBE7536B2A122E /* ColdSigningView.swift in Sources */,
				96D2462CDCD7A72BBDC80283 /* ColdSigningViewV2.swift in Sources */,
				E027D29039D918F64A755AC1 /* Components.swift in Sources */,
				B4374A6122DD8F1F31AAE802 /* ContentView.swift in Sources */,
				55EF0728B367DE18E2844913 /* CopyFeedback.swift in Sources */,
				FB3401D2DF72092E03109173 /* CreateShardFlow.swift in Sources */,
				C6E93F671BDFB6D021F2C951 /* CreateShardViewModel.swift in Sources */,
				F7DB9C6274A68D42502A94A7 /* CurrencyFormatter.swift in Sources */,
				9B55F9D0213BA668683411F5 /* CustomTokenStore.swift in Sources */,
				FB1E410B281E9AB9B87E49ED /* CustomTokensView.swift in Sources */,
				45DA893F35C68A553D0E1CA0 /* DKGTestView.swift in Sources */,
				B683B8FBCDCCE7B24B0B9664 /* DecodedCallView.swift in Sources */,
				DA6D954524EE34B80C3B5DD5 /* DeepLinkRouter.swift in Sources */,
				792D01EFC687A2F2CDE2248F /* DeviceIdentity.swift in Sources */,
				2A0E7EB1A7E9AD6E8BC1EA20 /* DkgEstimate.swift in Sources */,
				83D25BF65526FEE56A62181C /* ENSResolver.swift in Sources */,
				473C3A01DB144DAB80D59C3A /* EndpointSource.swift in Sources */,
				E5641825CBA2C537A4AAEF48 /* EvmSigner.swift in Sources */,
				10631E68BC1CCBD1C1AB1E76 /* Haptics.swift in Sources */,
				4464CA3F4629F5A2DA4272C7 /* HorcruxApp.swift in Sources */,
				986879DE15E0C587D7B0525A /* HorcruxAppIntents.swift in Sources */,
				1A286F0E6C2F3FD1B7669F57 /* HorcruxBridge.swift in Sources */,
				1FF4562440BA4836269A35B4 /* HorcruxTheme.swift in Sources */,
				21D17F35C9811DFF172642B8 /* InfoHint.swift in Sources */,
				4C4F745DC9B848647BC3F360 /* JoinSigningView.swift in Sources */,
				7796AADB086F4ADF8D3A1DAE /* KeychainManager.swift in Sources */,
				0E15ADD6494B3153BDE72E33 /* L10n.swift in Sources */,
				028A13F10A6E097C2E34B82E /* LanguageSettingsView.swift in Sources */,
				601013F61A3536289EEDE6BE /* MessagePadding.swift in Sources */,
				73DCF4DE4120D95F8C6376D7 /* NetworkConfig.swift in Sources */,
				13C0AC2717BE738448E6F970 /* NodeErrorMapper.swift in Sources */,
				BE1A1D1E7A5DB0C9442778D4 /* NodeProvider.swift in Sources */,
				39B4F1C6D79643D7C392D480 /* NodeProviderSection.swift in Sources */,
				C287BF7467A63911B2E5BE65 /* NodeSettingsMigration.swift in Sources */,
				90328AA2F2C14EE460FC9866 /* NotificationManager.swift in Sources */,
				CAA62095ADB8219F055DB007 /* PeerManager.swift in Sources */,
				35C8A96CF69D926E6C97D5E1 /* PendingBroadcastQueue.swift in Sources */,
				CB75E77B71D65C6B941A5DCD /* PendingNonceTracker.swift in Sources */,
				4D5DD751835A8DA3C47BAE55 /* PortableBackupCrypto.swift in Sources */,
				7302CBA18BFEE7F2CE28CCFA /* PortfolioMetrics.swift in Sources */,
				00DD6941B8D2D335E457EA30 /* PriceService.swift in Sources */,
				2373BE1D4609B6FE583E9044 /* PrimePoolManager.swift in Sources */,
				88912049DA2191C3B7F5A172 /* ProviderCoverageSummary.swift in Sources */,
				B5ED87CEBDAAB853F5DF9012 /* QRScannerView.swift in Sources */,
				413FFA707333203A9879D9D9 /* QRTransport.swift in Sources */,
				6E853EA94530E496B2DF1887 /* ReceiveView.swift in Sources */,
				9FD396BD99067962514D5C0B /* RecentCoSignersStore.swift in Sources */,
				9E772E2F699110E111DF02FD /* RecoveryKeyManager.swift in Sources */,
				3A2C65309D796E0746FCA9C9 /* RefreshShardCoordinator.swift in Sources */,
				C718A6F3E0150DD6F3E688D4 /* RefreshShardSheet.swift in Sources */,
				358CA5D8F1B3F29B200DD29B /* RefreshTracker.swift in Sources */,
				2BF2FCA673100659BDAD75D0 /* RelayConfig.swift in Sources */,
				D4E3C555F9B2C377BA01735A /* RelayTransport.swift in Sources */,
				F82AFE8D9DE3FB4AE3A01C53 /* RoomCode.swift in Sources */,
				40C8F060E6D92099AABBE676 /* SecureClipboard.swift in Sources */,
				1C65F9B0BC2BEE47CAD05017 /* SecureEnclaveManager.swift in Sources */,
				5B7CE02B98E896822B156CA0 /* SecureKeyVault.swift in Sources */,
				AD348005CA4C2DFFACF04FA8 /* SecureLog.swift in Sources */,
				5F748A733435459EB3C345DB /* SecurityDetailView.swift in Sources */,
				FBBBA2457CFC45E2A68160D0 /* SecurityEnvironment.swift in Sources */,
				74C5D59EF02E3610053E318E /* SecurityHealthCard.swift in Sources */,
				CB59CE6C90D457018B221099 /* SettingsView.swift in Sources */,
				3FB4D6BC29E078FDD296EC80 /* ShardHealthView.swift in Sources */,
				1929C70C2E419C8D2D7A499C /* ShardsListView.swift in Sources */,
				4B7B6F204D8AFDEB4EACE5EB /* ShardsViewModel.swift in Sources */,
				D3714D4048FC6C9077EF656A /* SignRequestDTO.swift in Sources */,
				88380DABC0637076A7B84583 /* SigningView.swift in Sources */,
				E85D8AFAAED7835EB9BA6C5F /* SigningViewModel.swift in Sources */,
				DDDC26D3FAE1582F890926BD /* TokenModels.swift in Sources */,
				53D560F99A99F6C95EBBBEBD /* TransactionConfirmationPoller.swift in Sources */,
				B09B759BCA36CB1D85881A8B /* TransactionHistorySyncer.swift in Sources */,
				8C87D47336B4233ED32A44BB /* TransactionHistoryView.swift in Sources */,
				251E9FC806BDFA46298ACAE8 /* TransactionStore.swift in Sources */,
				06556B994EE86463923812D0 /* TransportProtocol.swift in Sources */,
				D913766D5DEC110A360A875E /* TronAddress.swift in Sources */,
				D83EFE7D2591C8EFBF6FB2C3 /* VaultBadge.swift in Sources */,
				F01DB99B7DF097E73B9165FF /* VaultDisplay.swift in Sources */,
				66A9731C91A701400FC53549 /* VaultEditSheet.swift in Sources */,
				937518DEA378A54E124ED3A8 /* WalletAvatarStore.swift in Sources */,
				A456FDA7DBAE247DC816E072 /* WalletAvatarView.swift in Sources */,
				DB6B04E3DB8E15D4FC56228F /* WalletHomeView.swift in Sources */,
				F4336F50BF0E80139FAC1BC0 /* WalletStore.swift in Sources */,
				B0EC72ECD24C2209F5A88423 /* WiFiDirectTransport.swift in Sources */,
				15A5B160337F5ACA4625D4C0 /* WiFiLANTransport.swift in Sources */,
				4473C32496DD313F260D2116 /* horcrux_core.swift in Sources */,
			);
			runOnlyForDeploymentPostprocessing = 0;
		};
/* End PBXSourcesBuildPhase section */

/* Begin PBXTargetDependency section */
		E3634C909850F1A81E20F424 /* PBXTargetDependency */ = {
			isa = PBXTargetDependency;
			target = 163D4C9B616CF11B16AB35B9 /* Horcrux */;
			targetProxy = 6B3B369515A782257901EF81 /* PBXContainerItemProxy */;
		};
/* End PBXTargetDependency section */

/* Begin PBXVariantGroup section */
		4ADE5780233CC702F9DEFC2D /* Localizable.strings */ = {
			isa = PBXVariantGroup;
			children = (
				8EF5248FF173E012DA4EA0B0 /* en */,
				3B9E2972827975B5F14B0356 /* zh-Hans */,
			);
			name = Localizable.strings;
			sourceTree = "<group>";
		};
/* End PBXVariantGroup section */

/* Begin XCBuildConfiguration section */
		165AE0FB290975449E08FBC9 /* Release */ = {
			isa = XCBuildConfiguration;
			buildSettings = {
				ASSETCATALOG_COMPILER_APPICON_NAME = AppIcon;
				CODE_SIGN_IDENTITY = "iPhone Developer";
				CODE_SIGN_STYLE = Automatic;
				INFOPLIST_FILE = Horcrux/Resources/Info.plist;
				LD_RUNPATH_SEARCH_PATHS = (
					"$(inherited)",
					"@executable_path/Frameworks",
				);
				PRODUCT_BUNDLE_IDENTIFIER = com.horcrux.wallet;
				SDKROOT = iphoneos;
				TARGETED_DEVICE_FAMILY = "1,2";
			};
			name = Release;
		};
		4175FA62888215B2A662F78D /* Debug */ = {
			isa = XCBuildConfiguration;
			buildSettings = {
				BUNDLE_LOADER = "$(TEST_HOST)";
				CODE_SIGN_STYLE = Automatic;
				GENERATE_INFOPLIST_FILE = YES;
				LD_RUNPATH_SEARCH_PATHS = (
					"$(inherited)",
					"@executable_path/Frameworks",
					"@loader_path/Frameworks",
				);
				PRODUCT_BUNDLE_IDENTIFIER = com.horcrux.wallet.tests;
				SDKROOT = iphoneos;
				TARGETED_DEVICE_FAMILY = "1,2";
				TEST_HOST = "$(BUILT_PRODUCTS_DIR)/Horcrux.app/Horcrux";
			};
			name = Debug;
		};
		621BD6DFBF00006EF93E1A02 /* Release */ = {
			isa = XCBuildConfiguration;
			buildSettings = {
				BUNDLE_LOADER = "$(TEST_HOST)";
				CODE_SIGN_STYLE = Automatic;
				GENERATE_INFOPLIST_FILE = YES;
				LD_RUNPATH_SEARCH_PATHS = (
					"$(inherited)",
					"@executable_path/Frameworks",
					"@loader_path/Frameworks",
				);
				PRODUCT_BUNDLE_IDENTIFIER = com.horcrux.wallet.tests;
				SDKROOT = iphoneos;
				TARGETED_DEVICE_FAMILY = "1,2";
				TEST_HOST = "$(BUILT_PRODUCTS_DIR)/Horcrux.app/Horcrux";
			};
			name = Release;
		};
		6A56B894ECBE770F79951C6C /* Debug */ = {
			isa = XCBuildConfiguration;
			buildSettings = {
				ALWAYS_SEARCH_USER_PATHS = NO;
				CLANG_ANALYZER_NONNULL = YES;
				CLANG_ANALYZER_NUMBER_OBJECT_CONVERSION = YES_AGGRESSIVE;
				CLANG_CXX_LANGUAGE_STANDARD = "gnu++14";
				CLANG_CXX_LIBRARY = "libc++";
				CLANG_ENABLE_MODULES = YES;
				CLANG_ENABLE_OBJC_ARC = YES;
				CLANG_ENABLE_OBJC_WEAK = YES;
				CLANG_WARN_BLOCK_CAPTURE_AUTORELEASING = YES;
				CLANG_WARN_BOOL_CONVERSION = YES;
				CLANG_WARN_COMMA = YES;
				CLANG_WARN_CONSTANT_CONVERSION = YES;
				CLANG_WARN_DEPRECATED_OBJC_IMPLEMENTATIONS = YES;
				CLANG_WARN_DIRECT_OBJC_ISA_USAGE = YES_ERROR;
				CLANG_WARN_DOCUMENTATION_COMMENTS = YES;
				CLANG_WARN_EMPTY_BODY = YES;
				CLANG_WARN_ENUM_CONVERSION = YES;
				CLANG_WARN_INFINITE_RECURSION = YES;
				CLANG_WARN_INT_CONVERSION = YES;
				CLANG_WARN_NON_LITERAL_NULL_CONVERSION = YES;
				CLANG_WARN_OBJC_IMPLICIT_RETAIN_SELF = YES;
				CLANG_WARN_OBJC_LITERAL_CONVERSION = YES;
				CLANG_WARN_OBJC_ROOT_CLASS = YES_ERROR;
				CLANG_WARN_QUOTED_INCLUDE_IN_FRAMEWORK_HEADER = YES;
				CLANG_WARN_RANGE_LOOP_ANALYSIS = YES;
				CLANG_WARN_STRICT_PROTOTYPES = YES;
				CLANG_WARN_SUSPICIOUS_MOVE = YES;
				CLANG_WARN_UNGUARDED_AVAILABILITY = YES_AGGRESSIVE;
				CLANG_WARN_UNREACHABLE_CODE = YES;
				CLANG_WARN__DUPLICATE_METHOD_MATCH = YES;
				COPY_PHASE_STRIP = NO;
				DEBUG_INFORMATION_FORMAT = dwarf;
				ENABLE_STRICT_OBJC_MSGSEND = YES;
				ENABLE_TESTABILITY = YES;
				GCC_C_LANGUAGE_STANDARD = gnu11;
				GCC_DYNAMIC_NO_PIC = NO;
				GCC_NO_COMMON_BLOCKS = YES;
				GCC_OPTIMIZATION_LEVEL = 0;
				GCC_PREPROCESSOR_DEFINITIONS = (
					"$(inherited)",
					"DEBUG=1",
				);
				GCC_WARN_64_TO_32_BIT_CONVERSION = YES;
				GCC_WARN_ABOUT_RETURN_TYPE = YES_ERROR;
				GCC_WARN_UNDECLARED_SELECTOR = YES;
				GCC_WARN_UNINITIALIZED_AUTOS = YES_AGGRESSIVE;
				GCC_WARN_UNUSED_FUNCTION = YES;
				GCC_WARN_UNUSED_VARIABLE = YES;
				HEADER_SEARCH_PATHS = (
					"$(PROJECT_DIR)/Horcrux/Core/Generated",
				);
				IPHONEOS_DEPLOYMENT_TARGET = 17.0;
				LIBRARY_SEARCH_PATHS = (
					"$(PROJECT_DIR)/Horcrux/Core/Frameworks",
				);
				MTL_ENABLE_DEBUG_INFO = INCLUDE_SOURCE;
				MTL_FAST_MATH = YES;
				ONLY_ACTIVE_ARCH = YES;
				OTHER_LDFLAGS = (
					"-lhorcrux_core",
				);
				PRODUCT_NAME = "$(TARGET_NAME)";
				SDKROOT = iphoneos;
				SWIFT_ACTIVE_COMPILATION_CONDITIONS = DEBUG;
				SWIFT_INCLUDE_PATHS = (
					"$(PROJECT_DIR)/Horcrux/Core/Generated",
				);
				SWIFT_OPTIMIZATION_LEVEL = "-Onone";
				SWIFT_STRICT_CONCURRENCY = targeted;
				SWIFT_VERSION = 5.0;
			};
			name = Debug;
		};
		6A9B59F03A6777C47E3EB899 /* Debug */ = {
			isa = XCBuildConfiguration;
			buildSettings = {
				ASSETCATALOG_COMPILER_APPICON_NAME = AppIcon;
				CODE_SIGN_IDENTITY = "iPhone Developer";
				CODE_SIGN_STYLE = Automatic;
				INFOPLIST_FILE = Horcrux/Resources/Info.plist;
				LD_RUNPATH_SEARCH_PATHS = (
					"$(inherited)",
					"@executable_path/Frameworks",
				);
				PRODUCT_BUNDLE_IDENTIFIER = com.horcrux.wallet;
				SDKROOT = iphoneos;
				TARGETED_DEVICE_FAMILY = "1,2";
			};
			name = Debug;
		};
		D61BE48780D32FD8F2CA09B9 /* Release */ = {
			isa = XCBuildConfiguration;
			buildSettings = {
				ALWAYS_SEARCH_USER_PATHS = NO;
				CLANG_ANALYZER_NONNULL = YES;
				CLANG_ANALYZER_NUMBER_OBJECT_CONVERSION = YES_AGGRESSIVE;
				CLANG_CXX_LANGUAGE_STANDARD = "gnu++14";
				CLANG_CXX_LIBRARY = "libc++";
				CLANG_ENABLE_MODULES = YES;
				CLANG_ENABLE_OBJC_ARC = YES;
				CLANG_ENABLE_OBJC_WEAK = YES;
				CLANG_WARN_BLOCK_CAPTURE_AUTORELEASING = YES;
				CLANG_WARN_BOOL_CONVERSION = YES;
				CLANG_WARN_COMMA = YES;
				CLANG_WARN_CONSTANT_CONVERSION = YES;
				CLANG_WARN_DEPRECATED_OBJC_IMPLEMENTATIONS = YES;
				CLANG_WARN_DIRECT_OBJC_ISA_USAGE = YES_ERROR;
				CLANG_WARN_DOCUMENTATION_COMMENTS = YES;
				CLANG_WARN_EMPTY_BODY = YES;
				CLANG_WARN_ENUM_CONVERSION = YES;
				CLANG_WARN_INFINITE_RECURSION = YES;
				CLANG_WARN_INT_CONVERSION = YES;
				CLANG_WARN_NON_LITERAL_NULL_CONVERSION = YES;
				CLANG_WARN_OBJC_IMPLICIT_RETAIN_SELF = YES;
				CLANG_WARN_OBJC_LITERAL_CONVERSION = YES;
				CLANG_WARN_OBJC_ROOT_CLASS = YES_ERROR;
				CLANG_WARN_QUOTED_INCLUDE_IN_FRAMEWORK_HEADER = YES;
				CLANG_WARN_RANGE_LOOP_ANALYSIS = YES;
				CLANG_WARN_STRICT_PROTOTYPES = YES;
				CLANG_WARN_SUSPICIOUS_MOVE = YES;
				CLANG_WARN_UNGUARDED_AVAILABILITY = YES_AGGRESSIVE;
				CLANG_WARN_UNREACHABLE_CODE = YES;
				CLANG_WARN__DUPLICATE_METHOD_MATCH = YES;
				COPY_PHASE_STRIP = NO;
				DEBUG_INFORMATION_FORMAT = "dwarf-with-dsym";
				ENABLE_NS_ASSERTIONS = NO;
				ENABLE_STRICT_OBJC_MSGSEND = YES;
				GCC_C_LANGUAGE_STANDARD = gnu11;
				GCC_NO_COMMON_BLOCKS = YES;
				GCC_WARN_64_TO_32_BIT_CONVERSION = YES;
				GCC_WARN_ABOUT_RETURN_TYPE = YES_ERROR;
				GCC_WARN_UNDECLARED_SELECTOR = YES;
				GCC_WARN_UNINITIALIZED_AUTOS = YES_AGGRESSIVE;
				GCC_WARN_UNUSED_FUNCTION = YES;
				GCC_WARN_UNUSED_VARIABLE = YES;
				HEADER_SEARCH_PATHS = (
					"$(PROJECT_DIR)/Horcrux/Core/Generated",
				);
				IPHONEOS_DEPLOYMENT_TARGET = 17.0;
				LIBRARY_SEARCH_PATHS = (
					"$(PROJECT_DIR)/Horcrux/Core/Frameworks",
				);
				MTL_ENABLE_DEBUG_INFO = NO;
				MTL_FAST_MATH = YES;
				OTHER_LDFLAGS = (
					"-lhorcrux_core",
				);
				PRODUCT_NAME = "$(TARGET_NAME)";
				SDKROOT = iphoneos;
				SWIFT_COMPILATION_MODE = wholemodule;
				SWIFT_INCLUDE_PATHS = (
					"$(PROJECT_DIR)/Horcrux/Core/Generated",
				);
				SWIFT_OPTIMIZATION_LEVEL = "-O";
				SWIFT_STRICT_CONCURRENCY = targeted;
				SWIFT_VERSION = 5.0;
			};
			name = Release;
		};
/* End XCBuildConfiguration section */

/* Begin XCConfigurationList section */
		3D707768B5158BB80B744269 /* Build configuration list for PBXNativeTarget "Horcrux" */ = {
			isa = XCConfigurationList;
			buildConfigurations = (
				6A9B59F03A6777C47E3EB899 /* Debug */,
				165AE0FB290975449E08FBC9 /* Release */,
			);
			defaultConfigurationIsVisible = 0;
			defaultConfigurationName = Debug;
		};
		506C2C63F4597BFCB2BE6246 /* Build configuration list for PBXNativeTarget "HorcruxTests" */ = {
			isa = XCConfigurationList;
			buildConfigurations = (
				4175FA62888215B2A662F78D /* Debug */,
				621BD6DFBF00006EF93E1A02 /* Release */,
			);
			defaultConfigurationIsVisible = 0;
			defaultConfigurationName = Debug;
		};
		BE1ECBAD95C61FDAC2FFDAB0 /* Build configuration list for PBXProject "Horcrux" */ = {
			isa = XCConfigurationList;
			buildConfigurations = (
				6A56B894ECBE770F79951C6C /* Debug */,
				D61BE48780D32FD8F2CA09B9 /* Release */,
			);
			defaultConfigurationIsVisible = 0;
			defaultConfigurationName = Debug;
		};
/* End XCConfigurationList section */
	};
	rootObject = 6029433CA49DB32A89221F2C /* Project object */;
}
